{
  "pins" : [
    {
      "identity" : "swift-algorithms",
      "kind" : "remoteSourceControl",
      "location" : "https://github.com/apple/swift-algorithms.git",
      "state" : {
        "revision" : "b14b7f4c528c942f121c8b860b9410b2bf57825e",
        "version" : "1.0.0"
      }
    },
    {
      "identity" : "swift-async-algorithms",
      "kind" : "remoteSourceControl",
      "location" : "https://github.com/apple/swift-async-algorithms.git",
      "state" : {
        "revision" : "cca423ff03ab657062f3781847e65a867b51bb01",
        "version" : "0.0.3"
      }
    },
    {
      "identity" : "swift-background-task",
      "kind" : "remoteSourceControl",
      "location" : "https://github.com/shizukusoft/swift-background-task",
      "state" : {
        "revision" : "269faf8a948f397d1f9ea83a57eea78063f0d32a",
        "version" : "0.2.11"
      }
    },
    {
      "identity" : "swift-cminizip-ng",
      "kind" : "remoteSourceControl",
      "location" : "https://github.com/sinoru/swift-cminizip-ng.git",
      "state" : {
        "revision" : "0b37c2152e29c90bb9ed84bc472b2591f1a58095",
        "version" : "0.0.9"
      }
    },
    {
      "identity" : "swift-collections",
      "kind" : "remoteSourceControl",
      "location" : "https://github.com/apple/swift-collections.git",
      "state" : {
        "revision" : "f504716c27d2e5d4144fa4794b12129301d17729",
        "version" : "1.0.3"
      }
    },
    {
      "identity" : "swift-log",
      "kind" : "remoteSourceControl",
      "location" : "https://github.com/apple/swift-log.git",
      "state" : {
        "revision" : "6fe203dc33195667ce1759bf0182975e4653ba1c",
        "version" : "1.4.4"
      }
    },
    {
      "identity" : "swift-numerics",
      "kind" : "remoteSourceControl",
      "location" : "https://github.com/apple/swift-numerics",
      "state" : {
        "revision" : "0a5bc04095a675662cf24757cc0640aa2204253b",
        "version" : "1.0.2"
      }
    },
    {
      "identity" : "swift-twitter",
      "kind" : "remoteSourceControl",
      "location" : "https://github.com/shizukusoft/swift-twitter",
      "state" : {
        "revision" : "b004ce31d583b00fce6771fb538fbb55fdd79e4d"
      }
    },
    {
      "identity" : "swift-unified-log",
      "kind" : "remoteSourceControl",
      "location" : "https://github.com/sinoru/swift-unified-log",
      "state" : {
        "revision" : "b1e3855af79774c80020f27e344e9acd58ca8e1a",
        "version" : "2.1.0"
      }
    },
    {
      "identity" : "swift-zip",
      "kind" : "remoteSourceControl",
      "location" : "https://github.com/sinoru/swift-zip.git",
      "state" : {
        "revision" : "2854245af31bdcfec5161d2aa3021ea6c654aa05",
        "version" : "0.0.5"
      }
    }
  ],
  "version" : 2
}
