// !$*UTF8*$!
{
	archiveVersion = 1;
	classes = {
	};
	objectVersion = 52;
	objects = {

/* Begin PBXBuildFile section */
		19365984260978EB00865D40 /* Preview Assets.xcassets in Resources */ = {isa = PBXBuildFile; fileRef = 19365983260978EB00865D40 /* Preview Assets.xcassets */; };
		1936598F260978EB00865D40 /* TweetNestTests.swift in Sources */ = {isa = PBXBuildFile; fileRef = 1936598E260978EB00865D40 /* TweetNestTests.swift */; };
		1936599A260978EB00865D40 /* TweetNestUITests.swift in Sources */ = {isa = PBXBuildFile; fileRef = 19365999260978EB00865D40 /* TweetNestUITests.swift */; };
		193659AE260978F900865D40 /* MainView.swift in Sources */ = {isa = PBXBuildFile; fileRef = 19933EB925E90ECD006AB4C0 /* MainView.swift */; };
		193659AF260978F900865D40 /* TweetNestKit.Session.swift in Sources */ = {isa = PBXBuildFile; fileRef = 19933EE125E90F16006AB4C0 /* TweetNestKit.Session.swift */; };
		193659B0260978F900865D40 /* TweetNestAppDelegate.swift in Sources */ = {isa = PBXBuildFile; fileRef = 1918DE56260802FE009FD0D8 /* TweetNestAppDelegate.swift */; };
		193659B1260978F900865D40 /* WebAuthenticationView.swift in Sources */ = {isa = PBXBuildFile; fileRef = 19933ED325E90EF9006AB4C0 /* WebAuthenticationView.swift */; };
		193659B2260978F900865D40 /* AccountsListView.swift in Sources */ = {isa = PBXBuildFile; fileRef = 19933D2C25E901F3006AB4C0 /* AccountsListView.swift */; };
		193659B3260978F900865D40 /* Assets.xcassets in Resources */ = {isa = PBXBuildFile; fileRef = 19933D2E25E901F4006AB4C0 /* Assets.xcassets */; };
		193659B4260978F900865D40 /* TweetNestApp.swift in Sources */ = {isa = PBXBuildFile; fileRef = 19933D2B25E901F3006AB4C0 /* TweetNestApp.swift */; };
		193659B5260978F900865D40 /* AccountView.swift in Sources */ = {isa = PBXBuildFile; fileRef = 19933ECC25E90EEA006AB4C0 /* AccountView.swift */; };
		193659B6260978F900865D40 /* ImageView.swift in Sources */ = {isa = PBXBuildFile; fileRef = 19933EDA25E90F0A006AB4C0 /* ImageView.swift */; };
		193659FA26097A2600865D40 /* TweetNestAppDelegate+UIApplicationDelegate.swift in Sources */ = {isa = PBXBuildFile; fileRef = 1918DE612608031A009FD0D8 /* TweetNestAppDelegate+UIApplicationDelegate.swift */; };
		19365A0426097A5F00865D40 /* TweetNestKit.framework in Frameworks */ = {isa = PBXBuildFile; fileRef = 19FA5EE526071E7800305895 /* TweetNestKit.framework */; };
		19365A0526097A5F00865D40 /* TweetNestKit.framework in Embed Frameworks */ = {isa = PBXBuildFile; fileRef = 19FA5EE526071E7800305895 /* TweetNestKit.framework */; settings = {ATTRIBUTES = (CodeSignOnCopy, RemoveHeadersOnCopy, ); }; };
		19365A0826097A6100865D40 /* TwitterKit in Frameworks */ = {isa = PBXBuildFile; productRef = 19365A0726097A6100865D40 /* TwitterKit */; };
		19365A0926097A6100865D40 /* TwitterKit in Embed Frameworks */ = {isa = PBXBuildFile; productRef = 19365A0726097A6100865D40 /* TwitterKit */; settings = {ATTRIBUTES = (CodeSignOnCopy, ); }; };
		19365A3A26097A9800865D40 /* TweetNestUITests.swift in Sources */ = {isa = PBXBuildFile; fileRef = 19365A3926097A9800865D40 /* TweetNestUITests.swift */; };
		19365A6126097B4800865D40 /* TweetNestApp.swift in Sources */ = {isa = PBXBuildFile; fileRef = 19933D2B25E901F3006AB4C0 /* TweetNestApp.swift */; };
		19365A6226097B4800865D40 /* AccountView.swift in Sources */ = {isa = PBXBuildFile; fileRef = 19933ECC25E90EEA006AB4C0 /* AccountView.swift */; };
		19365A6326097B4800865D40 /* MainView.swift in Sources */ = {isa = PBXBuildFile; fileRef = 19933EB925E90ECD006AB4C0 /* MainView.swift */; };
		19365A6426097B4800865D40 /* AccountsListView.swift in Sources */ = {isa = PBXBuildFile; fileRef = 19933D2C25E901F3006AB4C0 /* AccountsListView.swift */; };
		19365A6526097B4800865D40 /* ImageView.swift in Sources */ = {isa = PBXBuildFile; fileRef = 19933EDA25E90F0A006AB4C0 /* ImageView.swift */; };
		19365A6626097B4800865D40 /* Assets.xcassets in Resources */ = {isa = PBXBuildFile; fileRef = 19933D2E25E901F4006AB4C0 /* Assets.xcassets */; };
		19365A6726097B4800865D40 /* TweetNestAppDelegate.swift in Sources */ = {isa = PBXBuildFile; fileRef = 1918DE56260802FE009FD0D8 /* TweetNestAppDelegate.swift */; };
		19365A6826097B4800865D40 /* TweetNestKit.Session.swift in Sources */ = {isa = PBXBuildFile; fileRef = 19933EE125E90F16006AB4C0 /* TweetNestKit.Session.swift */; };
		19365A6926097B4800865D40 /* WebAuthenticationView.swift in Sources */ = {isa = PBXBuildFile; fileRef = 19933ED325E90EF9006AB4C0 /* WebAuthenticationView.swift */; };
		19365A6F26097B4A00865D40 /* Preview Assets.xcassets in Resources */ = {isa = PBXBuildFile; fileRef = 19365983260978EB00865D40 /* Preview Assets.xcassets */; };
		19365ABB26097BFF00865D40 /* TweetNestKit.framework in Frameworks */ = {isa = PBXBuildFile; fileRef = 19FA5DDE26071B2A00305895 /* TweetNestKit.framework */; };
		19365ABC26097BFF00865D40 /* TweetNestKit.framework in Embed Frameworks */ = {isa = PBXBuildFile; fileRef = 19FA5DDE26071B2A00305895 /* TweetNestKit.framework */; settings = {ATTRIBUTES = (CodeSignOnCopy, RemoveHeadersOnCopy, ); }; };
		19365ABF26097C0200865D40 /* TwitterKit in Frameworks */ = {isa = PBXBuildFile; productRef = 19365ABE26097C0200865D40 /* TwitterKit */; };
		19365AC026097C0200865D40 /* TwitterKit in Embed Frameworks */ = {isa = PBXBuildFile; productRef = 19365ABE26097C0200865D40 /* TwitterKit */; settings = {ATTRIBUTES = (CodeSignOnCopy, ); }; };
		19365AC926097C1A00865D40 /* TweetNestAppDelegate+NSApplicationDelegate.swift in Sources */ = {isa = PBXBuildFile; fileRef = 1918DE6A2608032D009FD0D8 /* TweetNestAppDelegate+NSApplicationDelegate.swift */; };
		19365AD726097C5200865D40 /* TweetNestTests.swift in Sources */ = {isa = PBXBuildFile; fileRef = 1936598E260978EB00865D40 /* TweetNestTests.swift */; };
/* End PBXBuildFile section */

/* Begin PBXContainerItemProxy section */
		1936598B260978EB00865D40 /* PBXContainerItemProxy */ = {
			isa = PBXContainerItemProxy;
			containerPortal = 19933D2425E901F3006AB4C0 /* Project object */;
			proxyType = 1;
			remoteGlobalIDString = 19365979260978EA00865D40;
			remoteInfo = TweetNest;
		};
		19365996260978EB00865D40 /* PBXContainerItemProxy */ = {
			isa = PBXContainerItemProxy;
			containerPortal = 19933D2425E901F3006AB4C0 /* Project object */;
			proxyType = 1;
			remoteGlobalIDString = 19365979260978EA00865D40;
			remoteInfo = TweetNest;
		};
		19365A2B26097A9700865D40 /* PBXContainerItemProxy */ = {
			isa = PBXContainerItemProxy;
			containerPortal = 19933D2425E901F3006AB4C0 /* Project object */;
			proxyType = 1;
			remoteGlobalIDString = 19365A1326097A9500865D40;
			remoteInfo = TweetNest;
		};
		19365A3626097A9700865D40 /* PBXContainerItemProxy */ = {
			isa = PBXContainerItemProxy;
			containerPortal = 19933D2425E901F3006AB4C0 /* Project object */;
			proxyType = 1;
			remoteGlobalIDString = 19365A1326097A9500865D40;
			remoteInfo = TweetNest;
		};
		19FA5DDD26071B2A00305895 /* PBXContainerItemProxy */ = {
			isa = PBXContainerItemProxy;
			containerPortal = 19FA5DD626071B2900305895 /* TweetNestKit.xcodeproj */;
			proxyType = 2;
			remoteGlobalIDString = 19FA5DBC26071B2900305895;
			remoteInfo = TweetNestKit;
		};
		19FA5DDF26071B2A00305895 /* PBXContainerItemProxy */ = {
			isa = PBXContainerItemProxy;
			containerPortal = 19FA5DD626071B2900305895 /* TweetNestKit.xcodeproj */;
			proxyType = 2;
			remoteGlobalIDString = 19FA5DC526071B2900305895;
			remoteInfo = TweetNestKitTests;
		};
		19FA5EE426071E7800305895 /* PBXContainerItemProxy */ = {
			isa = PBXContainerItemProxy;
			containerPortal = 19FA5DD626071B2900305895 /* TweetNestKit.xcodeproj */;
			proxyType = 2;
			remoteGlobalIDString = 19FA5E3F26071D1000305895;
			remoteInfo = "TweetNestKit (iOS)";
		};
		19FA5EE626071E7800305895 /* PBXContainerItemProxy */ = {
			isa = PBXContainerItemProxy;
			containerPortal = 19FA5DD626071B2900305895 /* TweetNestKit.xcodeproj */;
			proxyType = 2;
			remoteGlobalIDString = 19FA5E4726071D1000305895;
			remoteInfo = "TweetNestKitTests (iOS)";
		};
/* End PBXContainerItemProxy section */

/* Begin PBXCopyFilesBuildPhase section */
		19365A0626097A5F00865D40 /* Embed Frameworks */ = {
			isa = PBXCopyFilesBuildPhase;
			buildActionMask = 2147483647;
			dstPath = "";
			dstSubfolderSpec = 10;
			files = (
				19365A0526097A5F00865D40 /* TweetNestKit.framework in Embed Frameworks */,
				19365A0926097A6100865D40 /* TwitterKit in Embed Frameworks */,
			);
			name = "Embed Frameworks";
			runOnlyForDeploymentPostprocessing = 0;
		};
		19365ABD26097BFF00865D40 /* Embed Frameworks */ = {
			isa = PBXCopyFilesBuildPhase;
			buildActionMask = 2147483647;
			dstPath = "";
			dstSubfolderSpec = 10;
			files = (
				19365ABC26097BFF00865D40 /* TweetNestKit.framework in Embed Frameworks */,
				19365AC026097C0200865D40 /* TwitterKit in Embed Frameworks */,
			);
			name = "Embed Frameworks";
			runOnlyForDeploymentPostprocessing = 0;
		};
/* End PBXCopyFilesBuildPhase section */

/* Begin PBXFileReference section */
		1918DE56260802FE009FD0D8 /* TweetNestAppDelegate.swift */ = {isa = PBXFileReference; lastKnownFileType = sourcecode.swift; path = TweetNestAppDelegate.swift; sourceTree = "<group>"; };
		1918DE612608031A009FD0D8 /* TweetNestAppDelegate+UIApplicationDelegate.swift */ = {isa = PBXFileReference; lastKnownFileType = sourcecode.swift; path = "TweetNestAppDelegate+UIApplicationDelegate.swift"; sourceTree = "<group>"; };
		1918DE6A2608032D009FD0D8 /* TweetNestAppDelegate+NSApplicationDelegate.swift */ = {isa = PBXFileReference; lastKnownFileType = sourcecode.swift; path = "TweetNestAppDelegate+NSApplicationDelegate.swift"; sourceTree = "<group>"; };
		1936597A260978EA00865D40 /* TweetNest.app */ = {isa = PBXFileReference; explicitFileType = wrapper.application; includeInIndex = 0; path = TweetNest.app; sourceTree = BUILT_PRODUCTS_DIR; };
		19365983260978EB00865D40 /* Preview Assets.xcassets */ = {isa = PBXFileReference; lastKnownFileType = folder.assetcatalog; path = "Preview Assets.xcassets"; sourceTree = "<group>"; };
		1936598A260978EB00865D40 /* TweetNestTests.xctest */ = {isa = PBXFileReference; explicitFileType = wrapper.cfbundle; includeInIndex = 0; path = TweetNestTests.xctest; sourceTree = BUILT_PRODUCTS_DIR; };
		1936598E260978EB00865D40 /* TweetNestTests.swift */ = {isa = PBXFileReference; lastKnownFileType = sourcecode.swift; path = TweetNestTests.swift; sourceTree = "<group>"; };
		19365990260978EB00865D40 /* Info.plist */ = {isa = PBXFileReference; lastKnownFileType = text.plist.xml; path = Info.plist; sourceTree = "<group>"; };
		19365995260978EB00865D40 /* TweetNestUITests.xctest */ = {isa = PBXFileReference; explicitFileType = wrapper.cfbundle; includeInIndex = 0; path = TweetNestUITests.xctest; sourceTree = BUILT_PRODUCTS_DIR; };
		19365999260978EB00865D40 /* TweetNestUITests.swift */ = {isa = PBXFileReference; lastKnownFileType = sourcecode.swift; path = TweetNestUITests.swift; sourceTree = "<group>"; };
		1936599B260978EB00865D40 /* Info.plist */ = {isa = PBXFileReference; lastKnownFileType = text.plist.xml; path = Info.plist; sourceTree = "<group>"; };
		19365A1426097A9500865D40 /* TweetNest.app */ = {isa = PBXFileReference; explicitFileType = wrapper.application; includeInIndex = 0; path = TweetNest.app; sourceTree = BUILT_PRODUCTS_DIR; };
		19365A2A26097A9700865D40 /* TweetNestTests.xctest */ = {isa = PBXFileReference; explicitFileType = wrapper.cfbundle; includeInIndex = 0; path = TweetNestTests.xctest; sourceTree = BUILT_PRODUCTS_DIR; };
		19365A3026097A9700865D40 /* Info.plist */ = {isa = PBXFileReference; lastKnownFileType = text.plist.xml; path = Info.plist; sourceTree = "<group>"; };
		19365A3526097A9700865D40 /* TweetNestUITests.xctest */ = {isa = PBXFileReference; explicitFileType = wrapper.cfbundle; includeInIndex = 0; path = TweetNestUITests.xctest; sourceTree = BUILT_PRODUCTS_DIR; };
		19365A3926097A9800865D40 /* TweetNestUITests.swift */ = {isa = PBXFileReference; lastKnownFileType = sourcecode.swift; path = TweetNestUITests.swift; sourceTree = "<group>"; };
		19365A3B26097A9800865D40 /* Info.plist */ = {isa = PBXFileReference; lastKnownFileType = text.plist.xml; path = Info.plist; sourceTree = "<group>"; };
		19933D2B25E901F3006AB4C0 /* TweetNestApp.swift */ = {isa = PBXFileReference; lastKnownFileType = sourcecode.swift; path = TweetNestApp.swift; sourceTree = "<group>"; };
		19933D2C25E901F3006AB4C0 /* AccountsListView.swift */ = {isa = PBXFileReference; lastKnownFileType = sourcecode.swift; path = AccountsListView.swift; sourceTree = "<group>"; };
		19933D2E25E901F4006AB4C0 /* Assets.xcassets */ = {isa = PBXFileReference; lastKnownFileType = folder.assetcatalog; path = Assets.xcassets; sourceTree = "<group>"; };
		19933D3625E901F4006AB4C0 /* Info.plist */ = {isa = PBXFileReference; lastKnownFileType = text.plist.xml; path = Info.plist; sourceTree = "<group>"; };
		19933D3D25E901F5006AB4C0 /* Info.plist */ = {isa = PBXFileReference; lastKnownFileType = text.plist.xml; path = Info.plist; sourceTree = "<group>"; };
		19933D3E25E901F5006AB4C0 /* TweetNest.entitlements */ = {isa = PBXFileReference; lastKnownFileType = text.plist.entitlements; path = TweetNest.entitlements; sourceTree = "<group>"; };
		19933EB925E90ECD006AB4C0 /* MainView.swift */ = {isa = PBXFileReference; lastKnownFileType = sourcecode.swift; path = MainView.swift; sourceTree = "<group>"; };
		19933ECC25E90EEA006AB4C0 /* AccountView.swift */ = {isa = PBXFileReference; lastKnownFileType = sourcecode.swift; path = AccountView.swift; sourceTree = "<group>"; };
		19933ED325E90EF9006AB4C0 /* WebAuthenticationView.swift */ = {isa = PBXFileReference; lastKnownFileType = sourcecode.swift; path = WebAuthenticationView.swift; sourceTree = "<group>"; };
		19933EDA25E90F0A006AB4C0 /* ImageView.swift */ = {isa = PBXFileReference; lastKnownFileType = sourcecode.swift; path = ImageView.swift; sourceTree = "<group>"; };
		19933EE125E90F16006AB4C0 /* TweetNestKit.Session.swift */ = {isa = PBXFileReference; lastKnownFileType = sourcecode.swift; path = TweetNestKit.Session.swift; sourceTree = "<group>"; };
		19933EF025E91277006AB4C0 /* TweetNest.entitlements */ = {isa = PBXFileReference; lastKnownFileType = text.plist.entitlements; path = TweetNest.entitlements; sourceTree = "<group>"; };
		19FA5DD626071B2900305895 /* TweetNestKit.xcodeproj */ = {isa = PBXFileReference; lastKnownFileType = "wrapper.pb-project"; name = TweetNestKit.xcodeproj; path = TweetNestKit/TweetNestKit.xcodeproj; sourceTree = "<group>"; };
/* End PBXFileReference section */

/* Begin PBXFrameworksBuildPhase section */
		19365977260978EA00865D40 /* Frameworks */ = {
			isa = PBXFrameworksBuildPhase;
			buildActionMask = 2147483647;
			files = (
				19365A0826097A6100865D40 /* TwitterKit in Frameworks */,
				19365A0426097A5F00865D40 /* TweetNestKit.framework in Frameworks */,
			);
			runOnlyForDeploymentPostprocessing = 0;
		};
		19365987260978EB00865D40 /* Frameworks */ = {
			isa = PBXFrameworksBuildPhase;
			buildActionMask = 2147483647;
			files = (
			);
			runOnlyForDeploymentPostprocessing = 0;
		};
		19365992260978EB00865D40 /* Frameworks */ = {
			isa = PBXFrameworksBuildPhase;
			buildActionMask = 2147483647;
			files = (
			);
			runOnlyForDeploymentPostprocessing = 0;
		};
		19365A1126097A9500865D40 /* Frameworks */ = {
			isa = PBXFrameworksBuildPhase;
			buildActionMask = 2147483647;
			files = (
				19365ABB26097BFF00865D40 /* TweetNestKit.framework in Frameworks */,
				19365ABF26097C0200865D40 /* TwitterKit in Frameworks */,
			);
			runOnlyForDeploymentPostprocessing = 0;
		};
		19365A2726097A9700865D40 /* Frameworks */ = {
			isa = PBXFrameworksBuildPhase;
			buildActionMask = 2147483647;
			files = (
			);
			runOnlyForDeploymentPostprocessing = 0;
		};
		19365A3226097A9700865D40 /* Frameworks */ = {
			isa = PBXFrameworksBuildPhase;
			buildActionMask = 2147483647;
			files = (
			);
			runOnlyForDeploymentPostprocessing = 0;
		};
/* End PBXFrameworksBuildPhase section */

/* Begin PBXGroup section */
		19365982260978EB00865D40 /* Preview Content */ = {
			isa = PBXGroup;
			children = (
				19365983260978EB00865D40 /* Preview Assets.xcassets */,
			);
			path = "Preview Content";
			sourceTree = "<group>";
		};
		1936598D260978EB00865D40 /* TweetNestTests-iOS */ = {
			isa = PBXGroup;
			children = (
				19365990260978EB00865D40 /* Info.plist */,
			);
			path = "TweetNestTests-iOS";
			sourceTree = "<group>";
		};
		19365998260978EB00865D40 /* TweetNestUITests-iOS */ = {
			isa = PBXGroup;
			children = (
				19365999260978EB00865D40 /* TweetNestUITests.swift */,
				1936599B260978EB00865D40 /* Info.plist */,
			);
			path = "TweetNestUITests-iOS";
			sourceTree = "<group>";
		};
		19365A2D26097A9700865D40 /* TweetNestTests-macOS */ = {
			isa = PBXGroup;
			children = (
				19365A3026097A9700865D40 /* Info.plist */,
			);
			path = "TweetNestTests-macOS";
			sourceTree = "<group>";
		};
		19365A3826097A9700865D40 /* TweetNestUITests-macOS */ = {
			isa = PBXGroup;
			children = (
				19365A3926097A9800865D40 /* TweetNestUITests.swift */,
				19365A3B26097A9800865D40 /* Info.plist */,
			);
			path = "TweetNestUITests-macOS";
			sourceTree = "<group>";
		};
		19365ACE26097C3F00865D40 /* TweetNestTests-Shared */ = {
			isa = PBXGroup;
			children = (
				1936598E260978EB00865D40 /* TweetNestTests.swift */,
			);
			path = "TweetNestTests-Shared";
			sourceTree = "<group>";
		};
		19933D2325E901F3006AB4C0 = {
			isa = PBXGroup;
			children = (
				19933D2825E901F3006AB4C0 /* TweetNest-Shared */,
				19933D3525E901F4006AB4C0 /* TweetNest-iOS */,
				19933D3C25E901F5006AB4C0 /* TweetNest-macOS */,
				19365ACE26097C3F00865D40 /* TweetNestTests-Shared */,
				1936598D260978EB00865D40 /* TweetNestTests-iOS */,
				19365A2D26097A9700865D40 /* TweetNestTests-macOS */,
				19365998260978EB00865D40 /* TweetNestUITests-iOS */,
				19365A3826097A9700865D40 /* TweetNestUITests-macOS */,
				19FA5DD626071B2900305895 /* TweetNestKit.xcodeproj */,
				19933D3425E901F4006AB4C0 /* Products */,
				19933E5B25E90E02006AB4C0 /* Frameworks */,
			);
			sourceTree = "<group>";
		};
		19933D2825E901F3006AB4C0 /* TweetNest-Shared */ = {
			isa = PBXGroup;
			children = (
				19933D2B25E901F3006AB4C0 /* TweetNestApp.swift */,
				1918DE56260802FE009FD0D8 /* TweetNestAppDelegate.swift */,
				19933EB925E90ECD006AB4C0 /* MainView.swift */,
				19933D2C25E901F3006AB4C0 /* AccountsListView.swift */,
				19933ECC25E90EEA006AB4C0 /* AccountView.swift */,
				19933ED325E90EF9006AB4C0 /* WebAuthenticationView.swift */,
				19933EDA25E90F0A006AB4C0 /* ImageView.swift */,
				19933EE125E90F16006AB4C0 /* TweetNestKit.Session.swift */,
				19933D2E25E901F4006AB4C0 /* Assets.xcassets */,
				19365982260978EB00865D40 /* Preview Content */,
			);
			path = "TweetNest-Shared";
			sourceTree = "<group>";
		};
		19933D3425E901F4006AB4C0 /* Products */ = {
			isa = PBXGroup;
			children = (
				1936597A260978EA00865D40 /* TweetNest.app */,
				1936598A260978EB00865D40 /* TweetNestTests.xctest */,
				19365995260978EB00865D40 /* TweetNestUITests.xctest */,
				19365A1426097A9500865D40 /* TweetNest.app */,
				19365A2A26097A9700865D40 /* TweetNestTests.xctest */,
				19365A3526097A9700865D40 /* TweetNestUITests.xctest */,
			);
			name = Products;
			sourceTree = "<group>";
		};
		19933D3525E901F4006AB4C0 /* TweetNest-iOS */ = {
			isa = PBXGroup;
			children = (
				1918DE612608031A009FD0D8 /* TweetNestAppDelegate+UIApplicationDelegate.swift */,
				19933D3625E901F4006AB4C0 /* Info.plist */,
				19933EF025E91277006AB4C0 /* TweetNest.entitlements */,
			);
			path = "TweetNest-iOS";
			sourceTree = "<group>";
		};
		19933D3C25E901F5006AB4C0 /* TweetNest-macOS */ = {
			isa = PBXGroup;
			children = (
				1918DE6A2608032D009FD0D8 /* TweetNestAppDelegate+NSApplicationDelegate.swift */,
				19933D3D25E901F5006AB4C0 /* Info.plist */,
				19933D3E25E901F5006AB4C0 /* TweetNest.entitlements */,
			);
			path = "TweetNest-macOS";
			sourceTree = "<group>";
		};
		19933E5B25E90E02006AB4C0 /* Frameworks */ = {
			isa = PBXGroup;
			children = (
			);
			name = Frameworks;
			sourceTree = "<group>";
		};
		19FA5DD726071B2900305895 /* Products */ = {
			isa = PBXGroup;
			children = (
				19FA5EE526071E7800305895 /* TweetNestKit.framework */,
				19FA5DDE26071B2A00305895 /* TweetNestKit.framework */,
				19FA5EE726071E7800305895 /* TweetNestKitTests (iOS).xctest */,
				19FA5DE026071B2A00305895 /* TweetNestKitTests (macOS).xctest */,
			);
			name = Products;
			sourceTree = "<group>";
		};
/* End PBXGroup section */

/* Begin PBXNativeTarget section */
		19365979260978EA00865D40 /* TweetNest (iOS) */ = {
			isa = PBXNativeTarget;
			buildConfigurationList = 193659A6260978EB00865D40 /* Build configuration list for PBXNativeTarget "TweetNest (iOS)" */;
			buildPhases = (
				19365976260978EA00865D40 /* Sources */,
				19365977260978EA00865D40 /* Frameworks */,
				19365978260978EA00865D40 /* Resources */,
				19365A0626097A5F00865D40 /* Embed Frameworks */,
			);
			buildRules = (
			);
			dependencies = (
			);
			name = "TweetNest (iOS)";
			packageProductDependencies = (
				19365A0726097A6100865D40 /* TwitterKit */,
			);
			productName = TweetNest;
			productReference = 1936597A260978EA00865D40 /* TweetNest.app */;
			productType = "com.apple.product-type.application";
		};
		19365989260978EB00865D40 /* TweetNestTests (iOS) */ = {
			isa = PBXNativeTarget;
			buildConfigurationList = 193659A7260978EB00865D40 /* Build configuration list for PBXNativeTarget "TweetNestTests (iOS)" */;
			buildPhases = (
				19365986260978EB00865D40 /* Sources */,
				19365987260978EB00865D40 /* Frameworks */,
				19365988260978EB00865D40 /* Resources */,
			);
			buildRules = (
			);
			dependencies = (
				1936598C260978EB00865D40 /* PBXTargetDependency */,
			);
			name = "TweetNestTests (iOS)";
			productName = TweetNestTests;
			productReference = 1936598A260978EB00865D40 /* TweetNestTests.xctest */;
			productType = "com.apple.product-type.bundle.unit-test";
		};
		19365994260978EB00865D40 /* TweetNestUITests (iOS) */ = {
			isa = PBXNativeTarget;
			buildConfigurationList = 193659A8260978EB00865D40 /* Build configuration list for PBXNativeTarget "TweetNestUITests (iOS)" */;
			buildPhases = (
				19365991260978EB00865D40 /* Sources */,
				19365992260978EB00865D40 /* Frameworks */,
				19365993260978EB00865D40 /* Resources */,
			);
			buildRules = (
			);
			dependencies = (
				19365997260978EB00865D40 /* PBXTargetDependency */,
			);
			name = "TweetNestUITests (iOS)";
			productName = TweetNestUITests;
			productReference = 19365995260978EB00865D40 /* TweetNestUITests.xctest */;
			productType = "com.apple.product-type.bundle.ui-testing";
		};
		19365A1326097A9500865D40 /* TweetNest (macOS) */ = {
			isa = PBXNativeTarget;
			buildConfigurationList = 19365A3C26097A9800865D40 /* Build configuration list for PBXNativeTarget "TweetNest (macOS)" */;
			buildPhases = (
				19365A1026097A9500865D40 /* Sources */,
				19365A1126097A9500865D40 /* Frameworks */,
				19365A1226097A9500865D40 /* Resources */,
				19365ABD26097BFF00865D40 /* Embed Frameworks */,
			);
			buildRules = (
			);
			dependencies = (
			);
			name = "TweetNest (macOS)";
			packageProductDependencies = (
				19365ABE26097C0200865D40 /* TwitterKit */,
			);
			productName = TweetNest;
			productReference = 19365A1426097A9500865D40 /* TweetNest.app */;
			productType = "com.apple.product-type.application";
		};
		19365A2926097A9700865D40 /* TweetNestTests (macOS) */ = {
			isa = PBXNativeTarget;
			buildConfigurationList = 19365A3F26097A9800865D40 /* Build configuration list for PBXNativeTarget "TweetNestTests (macOS)" */;
			buildPhases = (
				19365A2626097A9700865D40 /* Sources */,
				19365A2726097A9700865D40 /* Frameworks */,
				19365A2826097A9700865D40 /* Resources */,
			);
			buildRules = (
			);
			dependencies = (
				19365A2C26097A9700865D40 /* PBXTargetDependency */,
			);
			name = "TweetNestTests (macOS)";
			productName = TweetNestTests;
			productReference = 19365A2A26097A9700865D40 /* TweetNestTests.xctest */;
			productType = "com.apple.product-type.bundle.unit-test";
		};
		19365A3426097A9700865D40 /* TweetNestUITests (macOS) */ = {
			isa = PBXNativeTarget;
			buildConfigurationList = 19365A4226097A9800865D40 /* Build configuration list for PBXNativeTarget "TweetNestUITests (macOS)" */;
			buildPhases = (
				19365A3126097A9700865D40 /* Sources */,
				19365A3226097A9700865D40 /* Frameworks */,
				19365A3326097A9700865D40 /* Resources */,
			);
			buildRules = (
			);
			dependencies = (
				19365A3726097A9700865D40 /* PBXTargetDependency */,
			);
			name = "TweetNestUITests (macOS)";
			productName = TweetNestUITests;
			productReference = 19365A3526097A9700865D40 /* TweetNestUITests.xctest */;
			productType = "com.apple.product-type.bundle.ui-testing";
		};
/* End PBXNativeTarget section */

/* Begin PBXProject section */
		19933D2425E901F3006AB4C0 /* Project object */ = {
			isa = PBXProject;
			attributes = {
				LastSwiftUpdateCheck = 1240;
				LastUpgradeCheck = 1240;
				TargetAttributes = {
					19365979260978EA00865D40 = {
						CreatedOnToolsVersion = 12.4;
					};
					19365989260978EB00865D40 = {
						CreatedOnToolsVersion = 12.4;
						TestTargetID = 19365979260978EA00865D40;
					};
					19365994260978EB00865D40 = {
						CreatedOnToolsVersion = 12.4;
						TestTargetID = 19365979260978EA00865D40;
					};
					19365A1326097A9500865D40 = {
						CreatedOnToolsVersion = 12.4;
					};
					19365A2926097A9700865D40 = {
						CreatedOnToolsVersion = 12.4;
						TestTargetID = 19365A1326097A9500865D40;
					};
					19365A3426097A9700865D40 = {
						CreatedOnToolsVersion = 12.4;
						TestTargetID = 19365A1326097A9500865D40;
					};
				};
			};
			buildConfigurationList = 19933D2725E901F3006AB4C0 /* Build configuration list for PBXProject "TweetNest" */;
			compatibilityVersion = "Xcode 9.3";
			developmentRegion = en;
			hasScannedForEncodings = 0;
			knownRegions = (
				en,
				Base,
			);
			mainGroup = 19933D2325E901F3006AB4C0;
			packageReferences = (
			);
			productRefGroup = 19933D3425E901F4006AB4C0 /* Products */;
			projectDirPath = "";
			projectReferences = (
				{
					ProductGroup = 19FA5DD726071B2900305895 /* Products */;
					ProjectRef = 19FA5DD626071B2900305895 /* TweetNestKit.xcodeproj */;
				},
			);
			projectRoot = "";
			targets = (
				19365979260978EA00865D40 /* TweetNest (iOS) */,
				19365A1326097A9500865D40 /* TweetNest (macOS) */,
				19365989260978EB00865D40 /* TweetNestTests (iOS) */,
				19365A2926097A9700865D40 /* TweetNestTests (macOS) */,
				19365994260978EB00865D40 /* TweetNestUITests (iOS) */,
				19365A3426097A9700865D40 /* TweetNestUITests (macOS) */,
			);
		};
/* End PBXProject section */

/* Begin PBXReferenceProxy section */
		19FA5DDE26071B2A00305895 /* TweetNestKit.framework */ = {
			isa = PBXReferenceProxy;
			fileType = wrapper.framework;
			path = TweetNestKit.framework;
			remoteRef = 19FA5DDD26071B2A00305895 /* PBXContainerItemProxy */;
			sourceTree = BUILT_PRODUCTS_DIR;
		};
		19FA5DE026071B2A00305895 /* TweetNestKitTests (macOS).xctest */ = {
			isa = PBXReferenceProxy;
			fileType = wrapper.cfbundle;
			path = "TweetNestKitTests (macOS).xctest";
			remoteRef = 19FA5DDF26071B2A00305895 /* PBXContainerItemProxy */;
			sourceTree = BUILT_PRODUCTS_DIR;
		};
		19FA5EE526071E7800305895 /* TweetNestKit.framework */ = {
			isa = PBXReferenceProxy;
			fileType = wrapper.framework;
			path = TweetNestKit.framework;
			remoteRef = 19FA5EE426071E7800305895 /* PBXContainerItemProxy */;
			sourceTree = BUILT_PRODUCTS_DIR;
		};
		19FA5EE726071E7800305895 /* TweetNestKitTests (iOS).xctest */ = {
			isa = PBXReferenceProxy;
			fileType = wrapper.cfbundle;
			path = "TweetNestKitTests (iOS).xctest";
			remoteRef = 19FA5EE626071E7800305895 /* PBXContainerItemProxy */;
			sourceTree = BUILT_PRODUCTS_DIR;
		};
/* End PBXReferenceProxy section */

/* Begin PBXResourcesBuildPhase section */
		19365978260978EA00865D40 /* Resources */ = {
			isa = PBXResourcesBuildPhase;
			buildActionMask = 2147483647;
			files = (
				19365984260978EB00865D40 /* Preview Assets.xcassets in Resources */,
				193659B3260978F900865D40 /* Assets.xcassets in Resources */,
			);
			runOnlyForDeploymentPostprocessing = 0;
		};
		19365988260978EB00865D40 /* Resources */ = {
			isa = PBXResourcesBuildPhase;
			buildActionMask = 2147483647;
			files = (
			);
			runOnlyForDeploymentPostprocessing = 0;
		};
		19365993260978EB00865D40 /* Resources */ = {
			isa = PBXResourcesBuildPhase;
			buildActionMask = 2147483647;
			files = (
			);
			runOnlyForDeploymentPostprocessing = 0;
		};
		19365A1226097A9500865D40 /* Resources */ = {
			isa = PBXResourcesBuildPhase;
			buildActionMask = 2147483647;
			files = (
				19365A6F26097B4A00865D40 /* Preview Assets.xcassets in Resources */,
				19365A6626097B4800865D40 /* Assets.xcassets in Resources */,
			);
			runOnlyForDeploymentPostprocessing = 0;
		};
		19365A2826097A9700865D40 /* Resources */ = {
			isa = PBXResourcesBuildPhase;
			buildActionMask = 2147483647;
			files = (
			);
			runOnlyForDeploymentPostprocessing = 0;
		};
		19365A3326097A9700865D40 /* Resources */ = {
			isa = PBXResourcesBuildPhase;
			buildActionMask = 2147483647;
			files = (
			);
			runOnlyForDeploymentPostprocessing = 0;
		};
/* End PBXResourcesBuildPhase section */

/* Begin PBXSourcesBuildPhase section */
		19365976260978EA00865D40 /* Sources */ = {
			isa = PBXSourcesBuildPhase;
			buildActionMask = 2147483647;
			files = (
				193659B6260978F900865D40 /* ImageView.swift in Sources */,
				193659B4260978F900865D40 /* TweetNestApp.swift in Sources */,
				193659B0260978F900865D40 /* TweetNestAppDelegate.swift in Sources */,
				193659FA26097A2600865D40 /* TweetNestAppDelegate+UIApplicationDelegate.swift in Sources */,
				193659AE260978F900865D40 /* MainView.swift in Sources */,
				193659B1260978F900865D40 /* WebAuthenticationView.swift in Sources */,
				193659B2260978F900865D40 /* AccountsListView.swift in Sources */,
				193659B5260978F900865D40 /* AccountView.swift in Sources */,
				193659AF260978F900865D40 /* TweetNestKit.Session.swift in Sources */,
			);
			runOnlyForDeploymentPostprocessing = 0;
		};
		19365986260978EB00865D40 /* Sources */ = {
			isa = PBXSourcesBuildPhase;
			buildActionMask = 2147483647;
			files = (
				1936598F260978EB00865D40 /* TweetNestTests.swift in Sources */,
			);
			runOnlyForDeploymentPostprocessing = 0;
		};
		19365991260978EB00865D40 /* Sources */ = {
			isa = PBXSourcesBuildPhase;
			buildActionMask = 2147483647;
			files = (
				1936599A260978EB00865D40 /* TweetNestUITests.swift in Sources */,
			);
			runOnlyForDeploymentPostprocessing = 0;
		};
		19365A1026097A9500865D40 /* Sources */ = {
			isa = PBXSourcesBuildPhase;
			buildActionMask = 2147483647;
			files = (
				19365AC926097C1A00865D40 /* TweetNestAppDelegate+NSApplicationDelegate.swift in Sources */,
				19365A6426097B4800865D40 /* AccountsListView.swift in Sources */,
				19365A6226097B4800865D40 /* AccountView.swift in Sources */,
				19365A6326097B4800865D40 /* MainView.swift in Sources */,
				19365A6926097B4800865D40 /* WebAuthenticationView.swift in Sources */,
				19365A6826097B4800865D40 /* TweetNestKit.Session.swift in Sources */,
				19365A6726097B4800865D40 /* TweetNestAppDelegate.swift in Sources */,
				19365A6526097B4800865D40 /* ImageView.swift in Sources */,
				19365A6126097B4800865D40 /* TweetNestApp.swift in Sources */,
			);
			runOnlyForDeploymentPostprocessing = 0;
		};
		19365A2626097A9700865D40 /* Sources */ = {
			isa = PBXSourcesBuildPhase;
			buildActionMask = 2147483647;
			files = (
				19365AD726097C5200865D40 /* TweetNestTests.swift in Sources */,
			);
			runOnlyForDeploymentPostprocessing = 0;
		};
		19365A3126097A9700865D40 /* Sources */ = {
			isa = PBXSourcesBuildPhase;
			buildActionMask = 2147483647;
			files = (
				19365A3A26097A9800865D40 /* TweetNestUITests.swift in Sources */,
			);
			runOnlyForDeploymentPostprocessing = 0;
		};
/* End PBXSourcesBuildPhase section */

/* Begin PBXTargetDependency section */
		1936598C260978EB00865D40 /* PBXTargetDependency */ = {
			isa = PBXTargetDependency;
			target = 19365979260978EA00865D40 /* TweetNest (iOS) */;
			targetProxy = 1936598B260978EB00865D40 /* PBXContainerItemProxy */;
		};
		19365997260978EB00865D40 /* PBXTargetDependency */ = {
			isa = PBXTargetDependency;
			target = 19365979260978EA00865D40 /* TweetNest (iOS) */;
			targetProxy = 19365996260978EB00865D40 /* PBXContainerItemProxy */;
		};
		19365A2C26097A9700865D40 /* PBXTargetDependency */ = {
			isa = PBXTargetDependency;
			target = 19365A1326097A9500865D40 /* TweetNest (macOS) */;
			targetProxy = 19365A2B26097A9700865D40 /* PBXContainerItemProxy */;
		};
		19365A3726097A9700865D40 /* PBXTargetDependency */ = {
			isa = PBXTargetDependency;
			target = 19365A1326097A9500865D40 /* TweetNest (macOS) */;
			targetProxy = 19365A3626097A9700865D40 /* PBXContainerItemProxy */;
		};
/* End PBXTargetDependency section */

/* Begin XCBuildConfiguration section */
		1936599C260978EB00865D40 /* Debug */ = {
			isa = XCBuildConfiguration;
			buildSettings = {
				ASSETCATALOG_COMPILER_APPICON_NAME = AppIcon;
				ASSETCATALOG_COMPILER_GLOBAL_ACCENT_COLOR_NAME = AccentColor;
				CODE_SIGN_ENTITLEMENTS = "TweetNest-iOS/TweetNest.entitlements";
				CODE_SIGN_STYLE = Automatic;
				DEVELOPMENT_ASSET_PATHS = "TweetNest-Shared/Preview\\ Content/Preview\\ Assets.xcassets";
				DEVELOPMENT_TEAM = 83XZ8ZBS6L;
				ENABLE_PREVIEWS = YES;
				INFOPLIST_FILE = "TweetNest-iOS/Info.plist";
				IPHONEOS_DEPLOYMENT_TARGET = 14.0;
				LD_RUNPATH_SEARCH_PATHS = (
					"$(inherited)",
					"@executable_path/Frameworks",
				);
				PRODUCT_BUNDLE_IDENTIFIER = app.tweetnest.TweetNest;
				PRODUCT_NAME = TweetNest;
				SDKROOT = iphoneos;
				SWIFT_VERSION = 5.0;
				TARGETED_DEVICE_FAMILY = "1,2";
			};
			name = Debug;
		};
		1936599D260978EB00865D40 /* Release */ = {
			isa = XCBuildConfiguration;
			buildSettings = {
				ASSETCATALOG_COMPILER_APPICON_NAME = AppIcon;
				ASSETCATALOG_COMPILER_GLOBAL_ACCENT_COLOR_NAME = AccentColor;
				CODE_SIGN_ENTITLEMENTS = "TweetNest-iOS/TweetNest.entitlements";
				CODE_SIGN_STYLE = Automatic;
				DEVELOPMENT_ASSET_PATHS = "TweetNest-Shared/Preview\\ Content/Preview\\ Assets.xcassets";
				DEVELOPMENT_TEAM = 83XZ8ZBS6L;
				ENABLE_PREVIEWS = YES;
				INFOPLIST_FILE = "TweetNest-iOS/Info.plist";
				IPHONEOS_DEPLOYMENT_TARGET = 14.0;
				LD_RUNPATH_SEARCH_PATHS = (
					"$(inherited)",
					"@executable_path/Frameworks",
				);
				PRODUCT_BUNDLE_IDENTIFIER = app.tweetnest.TweetNest;
				PRODUCT_NAME = TweetNest;
				SDKROOT = iphoneos;
				SWIFT_VERSION = 5.0;
				TARGETED_DEVICE_FAMILY = "1,2";
				VALIDATE_PRODUCT = YES;
			};
			name = Release;
		};
		1936599E260978EB00865D40 /* Debug */ = {
			isa = XCBuildConfiguration;
			buildSettings = {
				ALWAYS_EMBED_SWIFT_STANDARD_LIBRARIES = YES;
				BUNDLE_LOADER = "$(TEST_HOST)";
				CODE_SIGN_STYLE = Automatic;
				DEVELOPMENT_TEAM = 83XZ8ZBS6L;
				INFOPLIST_FILE = "TweetNestTests-iOS/Info.plist";
				IPHONEOS_DEPLOYMENT_TARGET = 14.4;
				LD_RUNPATH_SEARCH_PATHS = (
					"$(inherited)",
					"@executable_path/Frameworks",
					"@loader_path/Frameworks",
				);
				PRODUCT_BUNDLE_IDENTIFIER = app.tweetnest.TweetNestTests;
				PRODUCT_NAME = TweetNestTests;
				SDKROOT = iphoneos;
				SWIFT_VERSION = 5.0;
				TARGETED_DEVICE_FAMILY = "1,2";
				TEST_HOST = "$(BUILT_PRODUCTS_DIR)/TweetNest.app/TweetNest";
			};
			name = Debug;
		};
		1936599F260978EB00865D40 /* Release */ = {
			isa = XCBuildConfiguration;
			buildSettings = {
				ALWAYS_EMBED_SWIFT_STANDARD_LIBRARIES = YES;
				BUNDLE_LOADER = "$(TEST_HOST)";
				CODE_SIGN_STYLE = Automatic;
				DEVELOPMENT_TEAM = 83XZ8ZBS6L;
				INFOPLIST_FILE = "TweetNestTests-iOS/Info.plist";
				IPHONEOS_DEPLOYMENT_TARGET = 14.4;
				LD_RUNPATH_SEARCH_PATHS = (
					"$(inherited)",
					"@executable_path/Frameworks",
					"@loader_path/Frameworks",
				);
				PRODUCT_BUNDLE_IDENTIFIER = app.tweetnest.TweetNestTests;
				PRODUCT_NAME = TweetNestTests;
				SDKROOT = iphoneos;
				SWIFT_VERSION = 5.0;
				TARGETED_DEVICE_FAMILY = "1,2";
				TEST_HOST = "$(BUILT_PRODUCTS_DIR)/TweetNest.app/TweetNest";
				VALIDATE_PRODUCT = YES;
			};
			name = Release;
		};
		193659A0260978EB00865D40 /* Debug */ = {
			isa = XCBuildConfiguration;
			buildSettings = {
				ALWAYS_EMBED_SWIFT_STANDARD_LIBRARIES = YES;
				CODE_SIGN_STYLE = Automatic;
				DEVELOPMENT_TEAM = 83XZ8ZBS6L;
				INFOPLIST_FILE = "TweetNestUITests-iOS/Info.plist";
				IPHONEOS_DEPLOYMENT_TARGET = 14.4;
				LD_RUNPATH_SEARCH_PATHS = (
					"$(inherited)",
					"@executable_path/Frameworks",
					"@loader_path/Frameworks",
				);
				PRODUCT_BUNDLE_IDENTIFIER = app.tweetnest.TweetNestUITests;
				PRODUCT_NAME = TweetNestUITests;
				SDKROOT = iphoneos;
				SWIFT_VERSION = 5.0;
				TARGETED_DEVICE_FAMILY = "1,2";
				TEST_TARGET_NAME = TweetNest;
			};
			name = Debug;
		};
		193659A1260978EB00865D40 /* Release */ = {
			isa = XCBuildConfiguration;
			buildSettings = {
				ALWAYS_EMBED_SWIFT_STANDARD_LIBRARIES = YES;
				CODE_SIGN_STYLE = Automatic;
				DEVELOPMENT_TEAM = 83XZ8ZBS6L;
				INFOPLIST_FILE = "TweetNestUITests-iOS/Info.plist";
				IPHONEOS_DEPLOYMENT_TARGET = 14.4;
				LD_RUNPATH_SEARCH_PATHS = (
					"$(inherited)",
					"@executable_path/Frameworks",
					"@loader_path/Frameworks",
				);
				PRODUCT_BUNDLE_IDENTIFIER = app.tweetnest.TweetNestUITests;
				PRODUCT_NAME = TweetNestUITests;
				SDKROOT = iphoneos;
				SWIFT_VERSION = 5.0;
				TARGETED_DEVICE_FAMILY = "1,2";
				TEST_TARGET_NAME = TweetNest;
				VALIDATE_PRODUCT = YES;
			};
			name = Release;
		};
		19365A3D26097A9800865D40 /* Debug */ = {
			isa = XCBuildConfiguration;
			buildSettings = {
				ASSETCATALOG_COMPILER_APPICON_NAME = AppIcon;
				ASSETCATALOG_COMPILER_GLOBAL_ACCENT_COLOR_NAME = AccentColor;
				CODE_SIGN_ENTITLEMENTS = "TweetNest-macOS/TweetNest.entitlements";
				CODE_SIGN_STYLE = Automatic;
				COMBINE_HIDPI_IMAGES = YES;
				DEVELOPMENT_ASSET_PATHS = "TweetNest-Shared/Preview\\ Content/Preview\\ Assets.xcassets";
				DEVELOPMENT_TEAM = 83XZ8ZBS6L;
				ENABLE_HARDENED_RUNTIME = YES;
				ENABLE_PREVIEWS = YES;
				INFOPLIST_FILE = "TweetNest-macOS/Info.plist";
				LD_RUNPATH_SEARCH_PATHS = (
					"$(inherited)",
					"@executable_path/../Frameworks",
				);
				MACOSX_DEPLOYMENT_TARGET = 11.0;
				PRODUCT_BUNDLE_IDENTIFIER = app.tweetnest.TweetNest;
				PRODUCT_NAME = TweetNest;
				PROVISIONING_PROFILE_SPECIFIER = "$(sigh_app.tweetnest.TweetNest_development_macos)";
				SDKROOT = macosx;
				SWIFT_VERSION = 5.0;
			};
			name = Debug;
		};
		19365A3E26097A9800865D40 /* Release */ = {
			isa = XCBuildConfiguration;
			buildSettings = {
				ASSETCATALOG_COMPILER_APPICON_NAME = AppIcon;
				ASSETCATALOG_COMPILER_GLOBAL_ACCENT_COLOR_NAME = AccentColor;
				CODE_SIGN_ENTITLEMENTS = "TweetNest-macOS/TweetNest.entitlements";
				CODE_SIGN_STYLE = Automatic;
				COMBINE_HIDPI_IMAGES = YES;
				DEVELOPMENT_ASSET_PATHS = "TweetNest-Shared/Preview\\ Content/Preview\\ Assets.xcassets";
				DEVELOPMENT_TEAM = 83XZ8ZBS6L;
				ENABLE_HARDENED_RUNTIME = YES;
				ENABLE_PREVIEWS = YES;
				INFOPLIST_FILE = "TweetNest-macOS/Info.plist";
				LD_RUNPATH_SEARCH_PATHS = (
					"$(inherited)",
					"@executable_path/../Frameworks",
				);
				MACOSX_DEPLOYMENT_TARGET = 11.0;
				PRODUCT_BUNDLE_IDENTIFIER = app.tweetnest.TweetNest;
				PRODUCT_NAME = TweetNest;
				PROVISIONING_PROFILE_SPECIFIER = "$(sigh_app.tweetnest.TweetNest_development_macos)";
				SDKROOT = macosx;
				SWIFT_VERSION = 5.0;
			};
			name = Release;
		};
		19365A4026097A9800865D40 /* Debug */ = {
			isa = XCBuildConfiguration;
			buildSettings = {
				ALWAYS_EMBED_SWIFT_STANDARD_LIBRARIES = YES;
				BUNDLE_LOADER = "$(TEST_HOST)";
				CODE_SIGN_STYLE = Automatic;
				COMBINE_HIDPI_IMAGES = YES;
				DEVELOPMENT_TEAM = 83XZ8ZBS6L;
				INFOPLIST_FILE = "TweetNestTests-macOS/Info.plist";
				LD_RUNPATH_SEARCH_PATHS = (
					"$(inherited)",
					"@executable_path/../Frameworks",
					"@loader_path/../Frameworks",
				);
				MACOSX_DEPLOYMENT_TARGET = 11.1;
				PRODUCT_BUNDLE_IDENTIFIER = app.tweetnest.TweetNestTests;
				PRODUCT_NAME = TweetNestTests;
				SDKROOT = macosx;
				SWIFT_VERSION = 5.0;
				TEST_HOST = "$(BUILT_PRODUCTS_DIR)/TweetNest.app/Contents/MacOS/TweetNest";
			};
			name = Debug;
		};
		19365A4126097A9800865D40 /* Release */ = {
			isa = XCBuildConfiguration;
			buildSettings = {
				ALWAYS_EMBED_SWIFT_STANDARD_LIBRARIES = YES;
				BUNDLE_LOADER = "$(TEST_HOST)";
				CODE_SIGN_STYLE = Automatic;
				COMBINE_HIDPI_IMAGES = YES;
				DEVELOPMENT_TEAM = 83XZ8ZBS6L;
				INFOPLIST_FILE = "TweetNestTests-macOS/Info.plist";
				LD_RUNPATH_SEARCH_PATHS = (
					"$(inherited)",
					"@executable_path/../Frameworks",
					"@loader_path/../Frameworks",
				);
				MACOSX_DEPLOYMENT_TARGET = 11.1;
				PRODUCT_BUNDLE_IDENTIFIER = app.tweetnest.TweetNestTests;
				PRODUCT_NAME = TweetNestTests;
				SDKROOT = macosx;
				SWIFT_VERSION = 5.0;
				TEST_HOST = "$(BUILT_PRODUCTS_DIR)/TweetNest.app/Contents/MacOS/TweetNest";
			};
			name = Release;
		};
		19365A4326097A9800865D40 /* Debug */ = {
			isa = XCBuildConfiguration;
			buildSettings = {
				ALWAYS_EMBED_SWIFT_STANDARD_LIBRARIES = YES;
				CODE_SIGN_STYLE = Automatic;
				COMBINE_HIDPI_IMAGES = YES;
				DEVELOPMENT_TEAM = 83XZ8ZBS6L;
				INFOPLIST_FILE = "TweetNestUITests-macOS/Info.plist";
				LD_RUNPATH_SEARCH_PATHS = (
					"$(inherited)",
					"@executable_path/../Frameworks",
					"@loader_path/../Frameworks",
				);
				MACOSX_DEPLOYMENT_TARGET = 11.1;
				PRODUCT_BUNDLE_IDENTIFIER = app.tweetnest.TweetNestUITests;
				PRODUCT_NAME = TweetNestUITests;
				SDKROOT = macosx;
				SWIFT_VERSION = 5.0;
				TEST_TARGET_NAME = TweetNest;
			};
			name = Debug;
		};
		19365A4426097A9800865D40 /* Release */ = {
			isa = XCBuildConfiguration;
			buildSettings = {
				ALWAYS_EMBED_SWIFT_STANDARD_LIBRARIES = YES;
				CODE_SIGN_STYLE = Automatic;
				COMBINE_HIDPI_IMAGES = YES;
				DEVELOPMENT_TEAM = 83XZ8ZBS6L;
				INFOPLIST_FILE = "TweetNestUITests-macOS/Info.plist";
				LD_RUNPATH_SEARCH_PATHS = (
					"$(inherited)",
					"@executable_path/../Frameworks",
					"@loader_path/../Frameworks",
				);
				MACOSX_DEPLOYMENT_TARGET = 11.1;
				PRODUCT_BUNDLE_IDENTIFIER = app.tweetnest.TweetNestUITests;
				PRODUCT_NAME = TweetNestUITests;
				SDKROOT = macosx;
				SWIFT_VERSION = 5.0;
				TEST_TARGET_NAME = TweetNest;
			};
			name = Release;
		};
		19933D5F25E901F5006AB4C0 /* Debug */ = {
			isa = XCBuildConfiguration;
			buildSettings = {
				ALWAYS_SEARCH_USER_PATHS = NO;
				CLANG_ANALYZER_NONNULL = YES;
				CLANG_ANALYZER_NUMBER_OBJECT_CONVERSION = YES_AGGRESSIVE;
				CLANG_CXX_LANGUAGE_STANDARD = "gnu++14";
				CLANG_CXX_LIBRARY = "libc++";
				CLANG_ENABLE_MODULES = YES;
				CLANG_ENABLE_OBJC_ARC = YES;
				CLANG_ENABLE_OBJC_WEAK = YES;
				CLANG_WARN_BLOCK_CAPTURE_AUTORELEASING = YES;
				CLANG_WARN_BOOL_CONVERSION = YES;
				CLANG_WARN_COMMA = YES;
				CLANG_WARN_CONSTANT_CONVERSION = YES;
				CLANG_WARN_DEPRECATED_OBJC_IMPLEMENTATIONS = YES;
				CLANG_WARN_DIRECT_OBJC_ISA_USAGE = YES_ERROR;
				CLANG_WARN_DOCUMENTATION_COMMENTS = YES;
				CLANG_WARN_EMPTY_BODY = YES;
				CLANG_WARN_ENUM_CONVERSION = YES;
				CLANG_WARN_INFINITE_RECURSION = YES;
				CLANG_WARN_INT_CONVERSION = YES;
				CLANG_WARN_NON_LITERAL_NULL_CONVERSION = YES;
				CLANG_WARN_OBJC_IMPLICIT_RETAIN_SELF = YES;
				CLANG_WARN_OBJC_LITERAL_CONVERSION = YES;
				CLANG_WARN_OBJC_ROOT_CLASS = YES_ERROR;
				CLANG_WARN_QUOTED_INCLUDE_IN_FRAMEWORK_HEADER = YES;
				CLANG_WARN_RANGE_LOOP_ANALYSIS = YES;
				CLANG_WARN_STRICT_PROTOTYPES = YES;
				CLANG_WARN_SUSPICIOUS_MOVE = YES;
				CLANG_WARN_UNGUARDED_AVAILABILITY = YES_AGGRESSIVE;
				CLANG_WARN_UNREACHABLE_CODE = YES;
				CLANG_WARN__DUPLICATE_METHOD_MATCH = YES;
				COPY_PHASE_STRIP = NO;
				CURRENT_PROJECT_VERSION = 9;
				DEBUG_INFORMATION_FORMAT = dwarf;
				ENABLE_STRICT_OBJC_MSGSEND = YES;
				ENABLE_TESTABILITY = YES;
				GCC_C_LANGUAGE_STANDARD = gnu11;
				GCC_DYNAMIC_NO_PIC = NO;
				GCC_NO_COMMON_BLOCKS = YES;
				GCC_OPTIMIZATION_LEVEL = 0;
				GCC_PREPROCESSOR_DEFINITIONS = (
					"DEBUG=1",
					"$(inherited)",
				);
				GCC_WARN_64_TO_32_BIT_CONVERSION = YES;
				GCC_WARN_ABOUT_RETURN_TYPE = YES_ERROR;
				GCC_WARN_UNDECLARED_SELECTOR = YES;
				GCC_WARN_UNINITIALIZED_AUTOS = YES_AGGRESSIVE;
				GCC_WARN_UNUSED_FUNCTION = YES;
				GCC_WARN_UNUSED_VARIABLE = YES;
				MARKETING_VERSION = 0.1;
				MTL_ENABLE_DEBUG_INFO = INCLUDE_SOURCE;
				MTL_FAST_MATH = YES;
				ONLY_ACTIVE_ARCH = YES;
				SWIFT_ACTIVE_COMPILATION_CONDITIONS = DEBUG;
				SWIFT_OPTIMIZATION_LEVEL = "-Onone";
				VERSIONING_SYSTEM = "apple-generic";
			};
			name = Debug;
		};
		19933D6025E901F5006AB4C0 /* Release */ = {
			isa = XCBuildConfiguration;
			buildSettings = {
				ALWAYS_SEARCH_USER_PATHS = NO;
				CLANG_ANALYZER_NONNULL = YES;
				CLANG_ANALYZER_NUMBER_OBJECT_CONVERSION = YES_AGGRESSIVE;
				CLANG_CXX_LANGUAGE_STANDARD = "gnu++14";
				CLANG_CXX_LIBRARY = "libc++";
				CLANG_ENABLE_MODULES = YES;
				CLANG_ENABLE_OBJC_ARC = YES;
				CLANG_ENABLE_OBJC_WEAK = YES;
				CLANG_WARN_BLOCK_CAPTURE_AUTORELEASING = YES;
				CLANG_WARN_BOOL_CONVERSION = YES;
				CLANG_WARN_COMMA = YES;
				CLANG_WARN_CONSTANT_CONVERSION = YES;
				CLANG_WARN_DEPRECATED_OBJC_IMPLEMENTATIONS = YES;
				CLANG_WARN_DIRECT_OBJC_ISA_USAGE = YES_ERROR;
				CLANG_WARN_DOCUMENTATION_COMMENTS = YES;
				CLANG_WARN_EMPTY_BODY = YES;
				CLANG_WARN_ENUM_CONVERSION = YES;
				CLANG_WARN_INFINITE_RECURSION = YES;
				CLANG_WARN_INT_CONVERSION = YES;
				CLANG_WARN_NON_LITERAL_NULL_CONVERSION = YES;
				CLANG_WARN_OBJC_IMPLICIT_RETAIN_SELF = YES;
				CLANG_WARN_OBJC_LITERAL_CONVERSION = YES;
				CLANG_WARN_OBJC_ROOT_CLASS = YES_ERROR;
				CLANG_WARN_QUOTED_INCLUDE_IN_FRAMEWORK_HEADER = YES;
				CLANG_WARN_RANGE_LOOP_ANALYSIS = YES;
				CLANG_WARN_STRICT_PROTOTYPES = YES;
				CLANG_WARN_SUSPICIOUS_MOVE = YES;
				CLANG_WARN_UNGUARDED_AVAILABILITY = YES_AGGRESSIVE;
				CLANG_WARN_UNREACHABLE_CODE = YES;
				CLANG_WARN__DUPLICATE_METHOD_MATCH = YES;
				COPY_PHASE_STRIP = NO;
				CURRENT_PROJECT_VERSION = 9;
				DEBUG_INFORMATION_FORMAT = "dwarf-with-dsym";
				ENABLE_NS_ASSERTIONS = NO;
				ENABLE_STRICT_OBJC_MSGSEND = YES;
				GCC_C_LANGUAGE_STANDARD = gnu11;
				GCC_NO_COMMON_BLOCKS = YES;
				GCC_WARN_64_TO_32_BIT_CONVERSION = YES;
				GCC_WARN_ABOUT_RETURN_TYPE = YES_ERROR;
				GCC_WARN_UNDECLARED_SELECTOR = YES;
				GCC_WARN_UNINITIALIZED_AUTOS = YES_AGGRESSIVE;
				GCC_WARN_UNUSED_FUNCTION = YES;
				GCC_WARN_UNUSED_VARIABLE = YES;
				MARKETING_VERSION = 0.1;
				MTL_ENABLE_DEBUG_INFO = NO;
				MTL_FAST_MATH = YES;
				SWIFT_COMPILATION_MODE = wholemodule;
				SWIFT_OPTIMIZATION_LEVEL = "-O";
				VERSIONING_SYSTEM = "apple-generic";
			};
			name = Release;
		};
/* End XCBuildConfiguration section */

/* Begin XCConfigurationList section */
		193659A6260978EB00865D40 /* Build configuration list for PBXNativeTarget "TweetNest (iOS)" */ = {
			isa = XCConfigurationList;
			buildConfigurations = (
				1936599C260978EB00865D40 /* Debug */,
				1936599D260978EB00865D40 /* Release */,
			);
			defaultConfigurationIsVisible = 0;
			defaultConfigurationName = Release;
		};
		193659A7260978EB00865D40 /* Build configuration list for PBXNativeTarget "TweetNestTests (iOS)" */ = {
			isa = XCConfigurationList;
			buildConfigurations = (
				1936599E260978EB00865D40 /* Debug */,
				1936599F260978EB00865D40 /* Release */,
			);
			defaultConfigurationIsVisible = 0;
			defaultConfigurationName = Release;
		};
		193659A8260978EB00865D40 /* Build configuration list for PBXNativeTarget "TweetNestUITests (iOS)" */ = {
			isa = XCConfigurationList;
			buildConfigurations = (
				193659A0260978EB00865D40 /* Debug */,
				193659A1260978EB00865D40 /* Release */,
			);
			defaultConfigurationIsVisible = 0;
			defaultConfigurationName = Release;
		};
		19365A3C26097A9800865D40 /* Build configuration list for PBXNativeTarget "TweetNest (macOS)" */ = {
			isa = XCConfigurationList;
			buildConfigurations = (
				19365A3D26097A9800865D40 /* Debug */,
				19365A3E26097A9800865D40 /* Release */,
			);
			defaultConfigurationIsVisible = 0;
			defaultConfigurationName = Release;
		};
		19365A3F26097A9800865D40 /* Build configuration list for PBXNativeTarget "TweetNestTests (macOS)" */ = {
			isa = XCConfigurationList;
			buildConfigurations = (
				19365A4026097A9800865D40 /* Debug */,
				19365A4126097A9800865D40 /* Release */,
			);
			defaultConfigurationIsVisible = 0;
			defaultConfigurationName = Release;
		};
		19365A4226097A9800865D40 /* Build configuration list for PBXNativeTarget "TweetNestUITests (macOS)" */ = {
			isa = XCConfigurationList;
			buildConfigurations = (
				19365A4326097A9800865D40 /* Debug */,
				19365A4426097A9800865D40 /* Release */,
			);
			defaultConfigurationIsVisible = 0;
			defaultConfigurationName = Release;
		};
		19933D2725E901F3006AB4C0 /* Build configuration list for PBXProject "TweetNest" */ = {
			isa = XCConfigurationList;
			buildConfigurations = (
				19933D5F25E901F5006AB4C0 /* Debug */,
				19933D6025E901F5006AB4C0 /* Release */,
			);
			defaultConfigurationIsVisible = 0;
			defaultConfigurationName = Release;
		};
/* End XCConfigurationList section */

/* Begin XCSwiftPackageProductDependency section */
		19365A0726097A6100865D40 /* TwitterKit */ = {
			isa = XCSwiftPackageProductDependency;
			productName = TwitterKit;
		};
		19365ABE26097C0200865D40 /* TwitterKit */ = {
			isa = XCSwiftPackageProductDependency;
			productName = TwitterKit;
		};
/* End XCSwiftPackageProductDependency section */
	};
	rootObject = 19933D2425E901F3006AB4C0 /* Project object */;
}
