// !$*UTF8*$!
{
	archiveVersion = 1;
	classes = {
	};
	objectVersion = 52;
	objects = {

/* Begin PBXBuildFile section */
		19089E0C25E51912009BD7A8 /* TweetNestKit.framework in Frameworks */ = {isa = PBXBuildFile; fileRef = 19089E0325E51911009BD7A8 /* TweetNestKit.framework */; };
		19089E1325E51912009BD7A8 /* TweetNestKitTests.swift in Sources */ = {isa = PBXBuildFile; fileRef = 19089E1225E51912009BD7A8 /* TweetNestKitTests.swift */; };
		19089E1525E51912009BD7A8 /* TweetNestKit.h in Headers */ = {isa = PBXBuildFile; fileRef = 19089E0525E51911009BD7A8 /* TweetNestKit.h */; settings = {ATTRIBUTES = (Public, ); }; };
		19089E1825E51912009BD7A8 /* TweetNestKit.framework in Frameworks */ = {isa = PBXBuildFile; fileRef = 19089E0325E51911009BD7A8 /* TweetNestKit.framework */; };
		19089E1925E51912009BD7A8 /* TweetNestKit.framework in Embed Frameworks */ = {isa = PBXBuildFile; fileRef = 19089E0325E51911009BD7A8 /* TweetNestKit.framework */; settings = {ATTRIBUTES = (CodeSignOnCopy, RemoveHeadersOnCopy, ); }; };
		19089E2725E5192E009BD7A8 /* TweetNestAuthSupport in Frameworks */ = {isa = PBXBuildFile; productRef = 19089E2625E5192E009BD7A8 /* TweetNestAuthSupport */; };
		1946B3B325E515040050C437 /* TweetNestApp.swift in Sources */ = {isa = PBXBuildFile; fileRef = 1946B3B225E515040050C437 /* TweetNestApp.swift */; };
		1946B3B525E515040050C437 /* ContentView.swift in Sources */ = {isa = PBXBuildFile; fileRef = 1946B3B425E515040050C437 /* ContentView.swift */; };
		1946B3B725E515050050C437 /* Assets.xcassets in Resources */ = {isa = PBXBuildFile; fileRef = 1946B3B625E515050050C437 /* Assets.xcassets */; };
		1946B3BA25E515050050C437 /* Preview Assets.xcassets in Resources */ = {isa = PBXBuildFile; fileRef = 1946B3B925E515050050C437 /* Preview Assets.xcassets */; };
		1946B3BC25E515050050C437 /* Persistence.swift in Sources */ = {isa = PBXBuildFile; fileRef = 1946B3BB25E515050050C437 /* Persistence.swift */; };
		1946B3BF25E515050050C437 /* TweetNest.xcdatamodeld in Sources */ = {isa = PBXBuildFile; fileRef = 1946B3BD25E515050050C437 /* TweetNest.xcdatamodeld */; };
		1946B3CA25E515050050C437 /* TweetNestTests.swift in Sources */ = {isa = PBXBuildFile; fileRef = 1946B3C925E515050050C437 /* TweetNestTests.swift */; };
		1946B3D525E515050050C437 /* TweetNestUITests.swift in Sources */ = {isa = PBXBuildFile; fileRef = 1946B3D425E515050050C437 /* TweetNestUITests.swift */; };
/* End PBXBuildFile section */

/* Begin PBXContainerItemProxy section */
		19089E0D25E51912009BD7A8 /* PBXContainerItemProxy */ = {
			isa = PBXContainerItemProxy;
			containerPortal = 1946B3A725E515040050C437 /* Project object */;
			proxyType = 1;
			remoteGlobalIDString = 19089E0225E51911009BD7A8;
			remoteInfo = TweetNestKit;
		};
		19089E0F25E51912009BD7A8 /* PBXContainerItemProxy */ = {
			isa = PBXContainerItemProxy;
			containerPortal = 1946B3A725E515040050C437 /* Project object */;
			proxyType = 1;
			remoteGlobalIDString = 1946B3AE25E515040050C437;
			remoteInfo = TweetNest;
		};
		19089E1625E51912009BD7A8 /* PBXContainerItemProxy */ = {
			isa = PBXContainerItemProxy;
			containerPortal = 1946B3A725E515040050C437 /* Project object */;
			proxyType = 1;
			remoteGlobalIDString = 19089E0225E51911009BD7A8;
			remoteInfo = TweetNestKit;
		};
		1946B3C625E515050050C437 /* PBXContainerItemProxy */ = {
			isa = PBXContainerItemProxy;
			containerPortal = 1946B3A725E515040050C437 /* Project object */;
			proxyType = 1;
			remoteGlobalIDString = 1946B3AE25E515040050C437;
			remoteInfo = TweetNest;
		};
		1946B3D125E515050050C437 /* PBXContainerItemProxy */ = {
			isa = PBXContainerItemProxy;
			containerPortal = 1946B3A725E515040050C437 /* Project object */;
			proxyType = 1;
			remoteGlobalIDString = 1946B3AE25E515040050C437;
			remoteInfo = TweetNest;
		};
/* End PBXContainerItemProxy section */

/* Begin PBXCopyFilesBuildPhase section */
		19089E1A25E51912009BD7A8 /* Embed Frameworks */ = {
			isa = PBXCopyFilesBuildPhase;
			buildActionMask = 2147483647;
			dstPath = "";
			dstSubfolderSpec = 10;
			files = (
				19089E1925E51912009BD7A8 /* TweetNestKit.framework in Embed Frameworks */,
			);
			name = "Embed Frameworks";
			runOnlyForDeploymentPostprocessing = 0;
		};
/* End PBXCopyFilesBuildPhase section */

/* Begin PBXFileReference section */
		19089E0325E51911009BD7A8 /* TweetNestKit.framework */ = {isa = PBXFileReference; explicitFileType = wrapper.framework; includeInIndex = 0; path = TweetNestKit.framework; sourceTree = BUILT_PRODUCTS_DIR; };
		19089E0525E51911009BD7A8 /* TweetNestKit.h */ = {isa = PBXFileReference; lastKnownFileType = sourcecode.c.h; path = TweetNestKit.h; sourceTree = "<group>"; };
		19089E0625E51911009BD7A8 /* Info.plist */ = {isa = PBXFileReference; lastKnownFileType = text.plist.xml; path = Info.plist; sourceTree = "<group>"; };
		19089E0B25E51912009BD7A8 /* TweetNestKitTests.xctest */ = {isa = PBXFileReference; explicitFileType = wrapper.cfbundle; includeInIndex = 0; path = TweetNestKitTests.xctest; sourceTree = BUILT_PRODUCTS_DIR; };
		19089E1225E51912009BD7A8 /* TweetNestKitTests.swift */ = {isa = PBXFileReference; lastKnownFileType = sourcecode.swift; path = TweetNestKitTests.swift; sourceTree = "<group>"; };
		19089E1425E51912009BD7A8 /* Info.plist */ = {isa = PBXFileReference; lastKnownFileType = text.plist.xml; path = Info.plist; sourceTree = "<group>"; };
		1946B3AF25E515040050C437 /* TweetNest.app */ = {isa = PBXFileReference; explicitFileType = wrapper.application; includeInIndex = 0; path = TweetNest.app; sourceTree = BUILT_PRODUCTS_DIR; };
		1946B3B225E515040050C437 /* TweetNestApp.swift */ = {isa = PBXFileReference; lastKnownFileType = sourcecode.swift; path = TweetNestApp.swift; sourceTree = "<group>"; };
		1946B3B425E515040050C437 /* ContentView.swift */ = {isa = PBXFileReference; lastKnownFileType = sourcecode.swift; path = ContentView.swift; sourceTree = "<group>"; };
		1946B3B625E515050050C437 /* Assets.xcassets */ = {isa = PBXFileReference; lastKnownFileType = folder.assetcatalog; path = Assets.xcassets; sourceTree = "<group>"; };
		1946B3B925E515050050C437 /* Preview Assets.xcassets */ = {isa = PBXFileReference; lastKnownFileType = folder.assetcatalog; path = "Preview Assets.xcassets"; sourceTree = "<group>"; };
		1946B3BB25E515050050C437 /* Persistence.swift */ = {isa = PBXFileReference; lastKnownFileType = sourcecode.swift; path = Persistence.swift; sourceTree = "<group>"; };
		1946B3BE25E515050050C437 /* TweetNest.xcdatamodel */ = {isa = PBXFileReference; lastKnownFileType = wrapper.xcdatamodel; path = TweetNest.xcdatamodel; sourceTree = "<group>"; };
		1946B3C025E515050050C437 /* Info.plist */ = {isa = PBXFileReference; lastKnownFileType = text.plist.xml; path = Info.plist; sourceTree = "<group>"; };
		1946B3C525E515050050C437 /* TweetNestTests.xctest */ = {isa = PBXFileReference; explicitFileType = wrapper.cfbundle; includeInIndex = 0; path = TweetNestTests.xctest; sourceTree = BUILT_PRODUCTS_DIR; };
		1946B3C925E515050050C437 /* TweetNestTests.swift */ = {isa = PBXFileReference; lastKnownFileType = sourcecode.swift; path = TweetNestTests.swift; sourceTree = "<group>"; };
		1946B3CB25E515050050C437 /* Info.plist */ = {isa = PBXFileReference; lastKnownFileType = text.plist.xml; path = Info.plist; sourceTree = "<group>"; };
		1946B3D025E515050050C437 /* TweetNestUITests.xctest */ = {isa = PBXFileReference; explicitFileType = wrapper.cfbundle; includeInIndex = 0; path = TweetNestUITests.xctest; sourceTree = BUILT_PRODUCTS_DIR; };
		1946B3D425E515050050C437 /* TweetNestUITests.swift */ = {isa = PBXFileReference; lastKnownFileType = sourcecode.swift; path = TweetNestUITests.swift; sourceTree = "<group>"; };
		1946B3D625E515050050C437 /* Info.plist */ = {isa = PBXFileReference; lastKnownFileType = text.plist.xml; path = Info.plist; sourceTree = "<group>"; };
/* End PBXFileReference section */

/* Begin PBXFrameworksBuildPhase section */
		19089E0025E51911009BD7A8 /* Frameworks */ = {
			isa = PBXFrameworksBuildPhase;
			buildActionMask = 2147483647;
			files = (
				19089E2725E5192E009BD7A8 /* TweetNestAuthSupport in Frameworks */,
			);
			runOnlyForDeploymentPostprocessing = 0;
		};
		19089E0825E51912009BD7A8 /* Frameworks */ = {
			isa = PBXFrameworksBuildPhase;
			buildActionMask = 2147483647;
			files = (
				19089E0C25E51912009BD7A8 /* TweetNestKit.framework in Frameworks */,
			);
			runOnlyForDeploymentPostprocessing = 0;
		};
		1946B3AC25E515040050C437 /* Frameworks */ = {
			isa = PBXFrameworksBuildPhase;
			buildActionMask = 2147483647;
			files = (
				19089E1825E51912009BD7A8 /* TweetNestKit.framework in Frameworks */,
			);
			runOnlyForDeploymentPostprocessing = 0;
		};
		1946B3C225E515050050C437 /* Frameworks */ = {
			isa = PBXFrameworksBuildPhase;
			buildActionMask = 2147483647;
			files = (
			);
			runOnlyForDeploymentPostprocessing = 0;
		};
		1946B3CD25E515050050C437 /* Frameworks */ = {
			isa = PBXFrameworksBuildPhase;
			buildActionMask = 2147483647;
			files = (
			);
			runOnlyForDeploymentPostprocessing = 0;
		};
/* End PBXFrameworksBuildPhase section */

/* Begin PBXGroup section */
		19089E0425E51911009BD7A8 /* TweetNestKit */ = {
			isa = PBXGroup;
			children = (
				19089E0525E51911009BD7A8 /* TweetNestKit.h */,
				19089E0625E51911009BD7A8 /* Info.plist */,
			);
			path = TweetNestKit;
			sourceTree = "<group>";
		};
		19089E1125E51912009BD7A8 /* TweetNestKitTests */ = {
			isa = PBXGroup;
			children = (
				19089E1225E51912009BD7A8 /* TweetNestKitTests.swift */,
				19089E1425E51912009BD7A8 /* Info.plist */,
			);
			path = TweetNestKitTests;
			sourceTree = "<group>";
		};
		19089E2525E5192E009BD7A8 /* Frameworks */ = {
			isa = PBXGroup;
			children = (
			);
			name = Frameworks;
			sourceTree = "<group>";
		};
		1946B3A625E515040050C437 = {
			isa = PBXGroup;
			children = (
				1946B3B125E515040050C437 /* TweetNest */,
				1946B3C825E515050050C437 /* TweetNestTests */,
				1946B3D325E515050050C437 /* TweetNestUITests */,
				19089E0425E51911009BD7A8 /* TweetNestKit */,
				19089E1125E51912009BD7A8 /* TweetNestKitTests */,
				1946B3B025E515040050C437 /* Products */,
				19089E2525E5192E009BD7A8 /* Frameworks */,
			);
			sourceTree = "<group>";
		};
		1946B3B025E515040050C437 /* Products */ = {
			isa = PBXGroup;
			children = (
				1946B3AF25E515040050C437 /* TweetNest.app */,
				1946B3C525E515050050C437 /* TweetNestTests.xctest */,
				1946B3D025E515050050C437 /* TweetNestUITests.xctest */,
				19089E0325E51911009BD7A8 /* TweetNestKit.framework */,
				19089E0B25E51912009BD7A8 /* TweetNestKitTests.xctest */,
			);
			name = Products;
			sourceTree = "<group>";
		};
		1946B3B125E515040050C437 /* TweetNest */ = {
			isa = PBXGroup;
			children = (
				1946B3B225E515040050C437 /* TweetNestApp.swift */,
				1946B3B425E515040050C437 /* ContentView.swift */,
				1946B3B625E515050050C437 /* Assets.xcassets */,
				1946B3BB25E515050050C437 /* Persistence.swift */,
				1946B3C025E515050050C437 /* Info.plist */,
				1946B3BD25E515050050C437 /* TweetNest.xcdatamodeld */,
				1946B3B825E515050050C437 /* Preview Content */,
			);
			path = TweetNest;
			sourceTree = "<group>";
		};
		1946B3B825E515050050C437 /* Preview Content */ = {
			isa = PBXGroup;
			children = (
				1946B3B925E515050050C437 /* Preview Assets.xcassets */,
			);
			path = "Preview Content";
			sourceTree = "<group>";
		};
		1946B3C825E515050050C437 /* TweetNestTests */ = {
			isa = PBXGroup;
			children = (
				1946B3C925E515050050C437 /* TweetNestTests.swift */,
				1946B3CB25E515050050C437 /* Info.plist */,
			);
			path = TweetNestTests;
			sourceTree = "<group>";
		};
		1946B3D325E515050050C437 /* TweetNestUITests */ = {
			isa = PBXGroup;
			children = (
				1946B3D425E515050050C437 /* TweetNestUITests.swift */,
				1946B3D625E515050050C437 /* Info.plist */,
			);
			path = TweetNestUITests;
			sourceTree = "<group>";
		};
/* End PBXGroup section */

/* Begin PBXHeadersBuildPhase section */
		19089DFE25E51911009BD7A8 /* Headers */ = {
			isa = PBXHeadersBuildPhase;
			buildActionMask = 2147483647;
			files = (
				19089E1525E51912009BD7A8 /* TweetNestKit.h in Headers */,
			);
			runOnlyForDeploymentPostprocessing = 0;
		};
/* End PBXHeadersBuildPhase section */

/* Begin PBXNativeTarget section */
		19089E0225E51911009BD7A8 /* TweetNestKit */ = {
			isa = PBXNativeTarget;
			buildConfigurationList = 19089E1F25E51912009BD7A8 /* Build configuration list for PBXNativeTarget "TweetNestKit" */;
			buildPhases = (
				19089DFE25E51911009BD7A8 /* Headers */,
				19089DFF25E51911009BD7A8 /* Sources */,
				19089E0025E51911009BD7A8 /* Frameworks */,
				19089E0125E51911009BD7A8 /* Resources */,
			);
			buildRules = (
			);
			dependencies = (
			);
			name = TweetNestKit;
			packageProductDependencies = (
				19089E2625E5192E009BD7A8 /* TweetNestAuthSupport */,
			);
			productName = TweetNestKit;
			productReference = 19089E0325E51911009BD7A8 /* TweetNestKit.framework */;
			productType = "com.apple.product-type.framework";
		};
		19089E0A25E51912009BD7A8 /* TweetNestKitTests */ = {
			isa = PBXNativeTarget;
			buildConfigurationList = 19089E2025E51912009BD7A8 /* Build configuration list for PBXNativeTarget "TweetNestKitTests" */;
			buildPhases = (
				19089E0725E51912009BD7A8 /* Sources */,
				19089E0825E51912009BD7A8 /* Frameworks */,
				19089E0925E51912009BD7A8 /* Resources */,
			);
			buildRules = (
			);
			dependencies = (
				19089E0E25E51912009BD7A8 /* PBXTargetDependency */,
				19089E1025E51912009BD7A8 /* PBXTargetDependency */,
			);
			name = TweetNestKitTests;
			productName = TweetNestKitTests;
			productReference = 19089E0B25E51912009BD7A8 /* TweetNestKitTests.xctest */;
			productType = "com.apple.product-type.bundle.unit-test";
		};
		1946B3AE25E515040050C437 /* TweetNest */ = {
			isa = PBXNativeTarget;
			buildConfigurationList = 1946B3D925E515050050C437 /* Build configuration list for PBXNativeTarget "TweetNest" */;
			buildPhases = (
				1946B3AB25E515040050C437 /* Sources */,
				1946B3AC25E515040050C437 /* Frameworks */,
				1946B3AD25E515040050C437 /* Resources */,
				19089E1A25E51912009BD7A8 /* Embed Frameworks */,
			);
			buildRules = (
			);
			dependencies = (
				19089E1725E51912009BD7A8 /* PBXTargetDependency */,
			);
			name = TweetNest;
			packageProductDependencies = (
			);
			productName = TweetNest;
			productReference = 1946B3AF25E515040050C437 /* TweetNest.app */;
			productType = "com.apple.product-type.application";
		};
		1946B3C425E515050050C437 /* TweetNestTests */ = {
			isa = PBXNativeTarget;
			buildConfigurationList = 1946B3DC25E515050050C437 /* Build configuration list for PBXNativeTarget "TweetNestTests" */;
			buildPhases = (
				1946B3C125E515050050C437 /* Sources */,
				1946B3C225E515050050C437 /* Frameworks */,
				1946B3C325E515050050C437 /* Resources */,
			);
			buildRules = (
			);
			dependencies = (
				1946B3C725E515050050C437 /* PBXTargetDependency */,
			);
			name = TweetNestTests;
			productName = TweetNestTests;
			productReference = 1946B3C525E515050050C437 /* TweetNestTests.xctest */;
			productType = "com.apple.product-type.bundle.unit-test";
		};
		1946B3CF25E515050050C437 /* TweetNestUITests */ = {
			isa = PBXNativeTarget;
			buildConfigurationList = 1946B3DF25E515050050C437 /* Build configuration list for PBXNativeTarget "TweetNestUITests" */;
			buildPhases = (
				1946B3CC25E515050050C437 /* Sources */,
				1946B3CD25E515050050C437 /* Frameworks */,
				1946B3CE25E515050050C437 /* Resources */,
			);
			buildRules = (
			);
			dependencies = (
				1946B3D225E515050050C437 /* PBXTargetDependency */,
			);
			name = TweetNestUITests;
			productName = TweetNestUITests;
			productReference = 1946B3D025E515050050C437 /* TweetNestUITests.xctest */;
			productType = "com.apple.product-type.bundle.ui-testing";
		};
/* End PBXNativeTarget section */

/* Begin PBXProject section */
		1946B3A725E515040050C437 /* Project object */ = {
			isa = PBXProject;
			attributes = {
				LastSwiftUpdateCheck = 1240;
				LastUpgradeCheck = 1240;
				TargetAttributes = {
					19089E0225E51911009BD7A8 = {
						CreatedOnToolsVersion = 12.4;
					};
					19089E0A25E51912009BD7A8 = {
						CreatedOnToolsVersion = 12.4;
						TestTargetID = 1946B3AE25E515040050C437;
					};
					1946B3AE25E515040050C437 = {
						CreatedOnToolsVersion = 12.4;
					};
					1946B3C425E515050050C437 = {
						CreatedOnToolsVersion = 12.4;
						TestTargetID = 1946B3AE25E515040050C437;
					};
					1946B3CF25E515050050C437 = {
						CreatedOnToolsVersion = 12.4;
						TestTargetID = 1946B3AE25E515040050C437;
					};
				};
			};
			buildConfigurationList = 1946B3AA25E515040050C437 /* Build configuration list for PBXProject "TweetNest" */;
			compatibilityVersion = "Xcode 9.3";
			developmentRegion = en;
			hasScannedForEncodings = 0;
			knownRegions = (
				en,
				Base,
			);
			mainGroup = 1946B3A625E515040050C437;
			packageReferences = (
				196D694125E518B800BD5213 /* XCRemoteSwiftPackageReference "TweetNestAuthSupport" */,
			);
			productRefGroup = 1946B3B025E515040050C437 /* Products */;
			projectDirPath = "";
			projectRoot = "";
			targets = (
				1946B3AE25E515040050C437 /* TweetNest */,
				1946B3C425E515050050C437 /* TweetNestTests */,
				1946B3CF25E515050050C437 /* TweetNestUITests */,
				19089E0225E51911009BD7A8 /* TweetNestKit */,
				19089E0A25E51912009BD7A8 /* TweetNestKitTests */,
			);
		};
/* End PBXProject section */

/* Begin PBXResourcesBuildPhase section */
		19089E0125E51911009BD7A8 /* Resources */ = {
			isa = PBXResourcesBuildPhase;
			buildActionMask = 2147483647;
			files = (
			);
			runOnlyForDeploymentPostprocessing = 0;
		};
		19089E0925E51912009BD7A8 /* Resources */ = {
			isa = PBXResourcesBuildPhase;
			buildActionMask = 2147483647;
			files = (
			);
			runOnlyForDeploymentPostprocessing = 0;
		};
		1946B3AD25E515040050C437 /* Resources */ = {
			isa = PBXResourcesBuildPhase;
			buildActionMask = 2147483647;
			files = (
				1946B3BA25E515050050C437 /* Preview Assets.xcassets in Resources */,
				1946B3B725E515050050C437 /* Assets.xcassets in Resources */,
			);
			runOnlyForDeploymentPostprocessing = 0;
		};
		1946B3C325E515050050C437 /* Resources */ = {
			isa = PBXResourcesBuildPhase;
			buildActionMask = 2147483647;
			files = (
			);
			runOnlyForDeploymentPostprocessing = 0;
		};
		1946B3CE25E515050050C437 /* Resources */ = {
			isa = PBXResourcesBuildPhase;
			buildActionMask = 2147483647;
			files = (
			);
			runOnlyForDeploymentPostprocessing = 0;
		};
/* End PBXResourcesBuildPhase section */

/* Begin PBXSourcesBuildPhase section */
		19089DFF25E51911009BD7A8 /* Sources */ = {
			isa = PBXSourcesBuildPhase;
			buildActionMask = 2147483647;
			files = (
			);
			runOnlyForDeploymentPostprocessing = 0;
		};
		19089E0725E51912009BD7A8 /* Sources */ = {
			isa = PBXSourcesBuildPhase;
			buildActionMask = 2147483647;
			files = (
				19089E1325E51912009BD7A8 /* TweetNestKitTests.swift in Sources */,
			);
			runOnlyForDeploymentPostprocessing = 0;
		};
		1946B3AB25E515040050C437 /* Sources */ = {
			isa = PBXSourcesBuildPhase;
			buildActionMask = 2147483647;
			files = (
				1946B3BC25E515050050C437 /* Persistence.swift in Sources */,
				1946B3BF25E515050050C437 /* TweetNest.xcdatamodeld in Sources */,
				1946B3B525E515040050C437 /* ContentView.swift in Sources */,
				1946B3B325E515040050C437 /* TweetNestApp.swift in Sources */,
			);
			runOnlyForDeploymentPostprocessing = 0;
		};
		1946B3C125E515050050C437 /* Sources */ = {
			isa = PBXSourcesBuildPhase;
			buildActionMask = 2147483647;
			files = (
				1946B3CA25E515050050C437 /* TweetNestTests.swift in Sources */,
			);
			runOnlyForDeploymentPostprocessing = 0;
		};
		1946B3CC25E515050050C437 /* Sources */ = {
			isa = PBXSourcesBuildPhase;
			buildActionMask = 2147483647;
			files = (
				1946B3D525E515050050C437 /* TweetNestUITests.swift in Sources */,
			);
			runOnlyForDeploymentPostprocessing = 0;
		};
/* End PBXSourcesBuildPhase section */

/* Begin PBXTargetDependency section */
		19089E0E25E51912009BD7A8 /* PBXTargetDependency */ = {
			isa = PBXTargetDependency;
			target = 19089E0225E51911009BD7A8 /* TweetNestKit */;
			targetProxy = 19089E0D25E51912009BD7A8 /* PBXContainerItemProxy */;
		};
		19089E1025E51912009BD7A8 /* PBXTargetDependency */ = {
			isa = PBXTargetDependency;
			target = 1946B3AE25E515040050C437 /* TweetNest */;
			targetProxy = 19089E0F25E51912009BD7A8 /* PBXContainerItemProxy */;
		};
		19089E1725E51912009BD7A8 /* PBXTargetDependency */ = {
			isa = PBXTargetDependency;
			target = 19089E0225E51911009BD7A8 /* TweetNestKit */;
			targetProxy = 19089E1625E51912009BD7A8 /* PBXContainerItemProxy */;
		};
		1946B3C725E515050050C437 /* PBXTargetDependency */ = {
			isa = PBXTargetDependency;
			target = 1946B3AE25E515040050C437 /* TweetNest */;
			targetProxy = 1946B3C625E515050050C437 /* PBXContainerItemProxy */;
		};
		1946B3D225E515050050C437 /* PBXTargetDependency */ = {
			isa = PBXTargetDependency;
			target = 1946B3AE25E515040050C437 /* TweetNest */;
			targetProxy = 1946B3D125E515050050C437 /* PBXContainerItemProxy */;
		};
/* End PBXTargetDependency section */

/* Begin XCBuildConfiguration section */
		19089E1B25E51912009BD7A8 /* Debug */ = {
			isa = XCBuildConfiguration;
			buildSettings = {
				CODE_SIGN_STYLE = Automatic;
				CURRENT_PROJECT_VERSION = 1;
				DEFINES_MODULE = YES;
				DEVELOPMENT_TEAM = 83XZ8ZBS6L;
				DYLIB_COMPATIBILITY_VERSION = 1;
				DYLIB_CURRENT_VERSION = 1;
				DYLIB_INSTALL_NAME_BASE = "@rpath";
				INFOPLIST_FILE = TweetNestKit/Info.plist;
				INSTALL_PATH = "$(LOCAL_LIBRARY_DIR)/Frameworks";
				LD_RUNPATH_SEARCH_PATHS = (
					"$(inherited)",
					"@executable_path/Frameworks",
					"@loader_path/Frameworks",
				);
				PRODUCT_BUNDLE_IDENTIFIER = io.sinoru.TweetNestKit;
				PRODUCT_NAME = "$(TARGET_NAME:c99extidentifier)";
				SKIP_INSTALL = YES;
				SWIFT_VERSION = 5.0;
				TARGETED_DEVICE_FAMILY = "1,2";
				VERSIONING_SYSTEM = "apple-generic";
				VERSION_INFO_PREFIX = "";
			};
			name = Debug;
		};
		19089E1C25E51912009BD7A8 /* Release */ = {
			isa = XCBuildConfiguration;
			buildSettings = {
				CODE_SIGN_STYLE = Automatic;
				CURRENT_PROJECT_VERSION = 1;
				DEFINES_MODULE = YES;
				DEVELOPMENT_TEAM = 83XZ8ZBS6L;
				DYLIB_COMPATIBILITY_VERSION = 1;
				DYLIB_CURRENT_VERSION = 1;
				DYLIB_INSTALL_NAME_BASE = "@rpath";
				INFOPLIST_FILE = TweetNestKit/Info.plist;
				INSTALL_PATH = "$(LOCAL_LIBRARY_DIR)/Frameworks";
				LD_RUNPATH_SEARCH_PATHS = (
					"$(inherited)",
					"@executable_path/Frameworks",
					"@loader_path/Frameworks",
				);
				PRODUCT_BUNDLE_IDENTIFIER = io.sinoru.TweetNestKit;
				PRODUCT_NAME = "$(TARGET_NAME:c99extidentifier)";
				SKIP_INSTALL = YES;
				SWIFT_VERSION = 5.0;
				TARGETED_DEVICE_FAMILY = "1,2";
				VERSIONING_SYSTEM = "apple-generic";
				VERSION_INFO_PREFIX = "";
			};
			name = Release;
		};
		19089E1D25E51912009BD7A8 /* Debug */ = {
			isa = XCBuildConfiguration;
			buildSettings = {
				ALWAYS_EMBED_SWIFT_STANDARD_LIBRARIES = YES;
				CODE_SIGN_STYLE = Automatic;
				DEVELOPMENT_TEAM = 83XZ8ZBS6L;
				INFOPLIST_FILE = TweetNestKitTests/Info.plist;
				LD_RUNPATH_SEARCH_PATHS = (
					"$(inherited)",
					"@executable_path/Frameworks",
					"@loader_path/Frameworks",
				);
				PRODUCT_BUNDLE_IDENTIFIER = io.sinoru.TweetNestKitTests;
				PRODUCT_NAME = "$(TARGET_NAME)";
				SWIFT_VERSION = 5.0;
				TARGETED_DEVICE_FAMILY = "1,2";
				TEST_HOST = "$(BUILT_PRODUCTS_DIR)/TweetNest.app/TweetNest";
			};
			name = Debug;
		};
		19089E1E25E51912009BD7A8 /* Release */ = {
			isa = XCBuildConfiguration;
			buildSettings = {
				ALWAYS_EMBED_SWIFT_STANDARD_LIBRARIES = YES;
				CODE_SIGN_STYLE = Automatic;
				DEVELOPMENT_TEAM = 83XZ8ZBS6L;
				INFOPLIST_FILE = TweetNestKitTests/Info.plist;
				LD_RUNPATH_SEARCH_PATHS = (
					"$(inherited)",
					"@executable_path/Frameworks",
					"@loader_path/Frameworks",
				);
				PRODUCT_BUNDLE_IDENTIFIER = io.sinoru.TweetNestKitTests;
				PRODUCT_NAME = "$(TARGET_NAME)";
				SWIFT_VERSION = 5.0;
				TARGETED_DEVICE_FAMILY = "1,2";
				TEST_HOST = "$(BUILT_PRODUCTS_DIR)/TweetNest.app/TweetNest";
			};
			name = Release;
		};
		1946B3D725E515050050C437 /* Debug */ = {
			isa = XCBuildConfiguration;
			buildSettings = {
				ALWAYS_SEARCH_USER_PATHS = NO;
				CLANG_ANALYZER_NONNULL = YES;
				CLANG_ANALYZER_NUMBER_OBJECT_CONVERSION = YES_AGGRESSIVE;
				CLANG_CXX_LANGUAGE_STANDARD = "gnu++14";
				CLANG_CXX_LIBRARY = "libc++";
				CLANG_ENABLE_MODULES = YES;
				CLANG_ENABLE_OBJC_ARC = YES;
				CLANG_ENABLE_OBJC_WEAK = YES;
				CLANG_WARN_BLOCK_CAPTURE_AUTORELEASING = YES;
				CLANG_WARN_BOOL_CONVERSION = YES;
				CLANG_WARN_COMMA = YES;
				CLANG_WARN_CONSTANT_CONVERSION = YES;
				CLANG_WARN_DEPRECATED_OBJC_IMPLEMENTATIONS = YES;
				CLANG_WARN_DIRECT_OBJC_ISA_USAGE = YES_ERROR;
				CLANG_WARN_DOCUMENTATION_COMMENTS = YES;
				CLANG_WARN_EMPTY_BODY = YES;
				CLANG_WARN_ENUM_CONVERSION = YES;
				CLANG_WARN_INFINITE_RECURSION = YES;
				CLANG_WARN_INT_CONVERSION = YES;
				CLANG_WARN_NON_LITERAL_NULL_CONVERSION = YES;
				CLANG_WARN_OBJC_IMPLICIT_RETAIN_SELF = YES;
				CLANG_WARN_OBJC_LITERAL_CONVERSION = YES;
				CLANG_WARN_OBJC_ROOT_CLASS = YES_ERROR;
				CLANG_WARN_QUOTED_INCLUDE_IN_FRAMEWORK_HEADER = YES;
				CLANG_WARN_RANGE_LOOP_ANALYSIS = YES;
				CLANG_WARN_STRICT_PROTOTYPES = YES;
				CLANG_WARN_SUSPICIOUS_MOVE = YES;
				CLANG_WARN_UNGUARDED_AVAILABILITY = YES_AGGRESSIVE;
				CLANG_WARN_UNREACHABLE_CODE = YES;
				CLANG_WARN__DUPLICATE_METHOD_MATCH = YES;
				COPY_PHASE_STRIP = NO;
				DEBUG_INFORMATION_FORMAT = dwarf;
				ENABLE_STRICT_OBJC_MSGSEND = YES;
				ENABLE_TESTABILITY = YES;
				GCC_C_LANGUAGE_STANDARD = gnu11;
				GCC_DYNAMIC_NO_PIC = NO;
				GCC_NO_COMMON_BLOCKS = YES;
				GCC_OPTIMIZATION_LEVEL = 0;
				GCC_PREPROCESSOR_DEFINITIONS = (
					"DEBUG=1",
					"$(inherited)",
				);
				GCC_WARN_64_TO_32_BIT_CONVERSION = YES;
				GCC_WARN_ABOUT_RETURN_TYPE = YES_ERROR;
				GCC_WARN_UNDECLARED_SELECTOR = YES;
				GCC_WARN_UNINITIALIZED_AUTOS = YES_AGGRESSIVE;
				GCC_WARN_UNUSED_FUNCTION = YES;
				GCC_WARN_UNUSED_VARIABLE = YES;
				IPHONEOS_DEPLOYMENT_TARGET = 14.4;
				MTL_ENABLE_DEBUG_INFO = INCLUDE_SOURCE;
				MTL_FAST_MATH = YES;
				ONLY_ACTIVE_ARCH = YES;
				SDKROOT = iphoneos;
				SWIFT_ACTIVE_COMPILATION_CONDITIONS = DEBUG;
				SWIFT_OPTIMIZATION_LEVEL = "-Onone";
			};
			name = Debug;
		};
		1946B3D825E515050050C437 /* Release */ = {
			isa = XCBuildConfiguration;
			buildSettings = {
				ALWAYS_SEARCH_USER_PATHS = NO;
				CLANG_ANALYZER_NONNULL = YES;
				CLANG_ANALYZER_NUMBER_OBJECT_CONVERSION = YES_AGGRESSIVE;
				CLANG_CXX_LANGUAGE_STANDARD = "gnu++14";
				CLANG_CXX_LIBRARY = "libc++";
				CLANG_ENABLE_MODULES = YES;
				CLANG_ENABLE_OBJC_ARC = YES;
				CLANG_ENABLE_OBJC_WEAK = YES;
				CLANG_WARN_BLOCK_CAPTURE_AUTORELEASING = YES;
				CLANG_WARN_BOOL_CONVERSION = YES;
				CLANG_WARN_COMMA = YES;
				CLANG_WARN_CONSTANT_CONVERSION = YES;
				CLANG_WARN_DEPRECATED_OBJC_IMPLEMENTATIONS = YES;
				CLANG_WARN_DIRECT_OBJC_ISA_USAGE = YES_ERROR;
				CLANG_WARN_DOCUMENTATION_COMMENTS = YES;
				CLANG_WARN_EMPTY_BODY = YES;
				CLANG_WARN_ENUM_CONVERSION = YES;
				CLANG_WARN_INFINITE_RECURSION = YES;
				CLANG_WARN_INT_CONVERSION = YES;
				CLANG_WARN_NON_LITERAL_NULL_CONVERSION = YES;
				CLANG_WARN_OBJC_IMPLICIT_RETAIN_SELF = YES;
				CLANG_WARN_OBJC_LITERAL_CONVERSION = YES;
				CLANG_WARN_OBJC_ROOT_CLASS = YES_ERROR;
				CLANG_WARN_QUOTED_INCLUDE_IN_FRAMEWORK_HEADER = YES;
				CLANG_WARN_RANGE_LOOP_ANALYSIS = YES;
				CLANG_WARN_STRICT_PROTOTYPES = YES;
				CLANG_WARN_SUSPICIOUS_MOVE = YES;
				CLANG_WARN_UNGUARDED_AVAILABILITY = YES_AGGRESSIVE;
				CLANG_WARN_UNREACHABLE_CODE = YES;
				CLANG_WARN__DUPLICATE_METHOD_MATCH = YES;
				COPY_PHASE_STRIP = NO;
				DEBUG_INFORMATION_FORMAT = "dwarf-with-dsym";
				ENABLE_NS_ASSERTIONS = NO;
				ENABLE_STRICT_OBJC_MSGSEND = YES;
				GCC_C_LANGUAGE_STANDARD = gnu11;
				GCC_NO_COMMON_BLOCKS = YES;
				GCC_WARN_64_TO_32_BIT_CONVERSION = YES;
				GCC_WARN_ABOUT_RETURN_TYPE = YES_ERROR;
				GCC_WARN_UNDECLARED_SELECTOR = YES;
				GCC_WARN_UNINITIALIZED_AUTOS = YES_AGGRESSIVE;
				GCC_WARN_UNUSED_FUNCTION = YES;
				GCC_WARN_UNUSED_VARIABLE = YES;
				IPHONEOS_DEPLOYMENT_TARGET = 14.4;
				MTL_ENABLE_DEBUG_INFO = NO;
				MTL_FAST_MATH = YES;
				SDKROOT = iphoneos;
				SWIFT_COMPILATION_MODE = wholemodule;
				SWIFT_OPTIMIZATION_LEVEL = "-O";
				VALIDATE_PRODUCT = YES;
			};
			name = Release;
		};
		1946B3DA25E515050050C437 /* Debug */ = {
			isa = XCBuildConfiguration;
			buildSettings = {
				ASSETCATALOG_COMPILER_APPICON_NAME = AppIcon;
				ASSETCATALOG_COMPILER_GLOBAL_ACCENT_COLOR_NAME = AccentColor;
				CODE_SIGN_STYLE = Automatic;
				DEVELOPMENT_ASSET_PATHS = "\"TweetNest/Preview Content\"";
				DEVELOPMENT_TEAM = 83XZ8ZBS6L;
				ENABLE_PREVIEWS = YES;
				INFOPLIST_FILE = TweetNest/Info.plist;
				IPHONEOS_DEPLOYMENT_TARGET = 14.0;
				LD_RUNPATH_SEARCH_PATHS = (
					"$(inherited)",
					"@executable_path/Frameworks",
				);
				PRODUCT_BUNDLE_IDENTIFIER = io.sinoru.TweetNest;
				PRODUCT_NAME = "$(TARGET_NAME)";
				SWIFT_VERSION = 5.0;
				TARGETED_DEVICE_FAMILY = "1,2";
			};
			name = Debug;
		};
		1946B3DB25E515050050C437 /* Release */ = {
			isa = XCBuildConfiguration;
			buildSettings = {
				ASSETCATALOG_COMPILER_APPICON_NAME = AppIcon;
				ASSETCATALOG_COMPILER_GLOBAL_ACCENT_COLOR_NAME = AccentColor;
				CODE_SIGN_STYLE = Automatic;
				DEVELOPMENT_ASSET_PATHS = "\"TweetNest/Preview Content\"";
				DEVELOPMENT_TEAM = 83XZ8ZBS6L;
				ENABLE_PREVIEWS = YES;
				INFOPLIST_FILE = TweetNest/Info.plist;
				IPHONEOS_DEPLOYMENT_TARGET = 14.0;
				LD_RUNPATH_SEARCH_PATHS = (
					"$(inherited)",
					"@executable_path/Frameworks",
				);
				PRODUCT_BUNDLE_IDENTIFIER = io.sinoru.TweetNest;
				PRODUCT_NAME = "$(TARGET_NAME)";
				SWIFT_VERSION = 5.0;
				TARGETED_DEVICE_FAMILY = "1,2";
			};
			name = Release;
		};
		1946B3DD25E515050050C437 /* Debug */ = {
			isa = XCBuildConfiguration;
			buildSettings = {
				ALWAYS_EMBED_SWIFT_STANDARD_LIBRARIES = YES;
				BUNDLE_LOADER = "$(TEST_HOST)";
				CODE_SIGN_STYLE = Automatic;
				DEVELOPMENT_TEAM = 83XZ8ZBS6L;
				INFOPLIST_FILE = TweetNestTests/Info.plist;
				IPHONEOS_DEPLOYMENT_TARGET = 14.0;
				LD_RUNPATH_SEARCH_PATHS = (
					"$(inherited)",
					"@executable_path/Frameworks",
					"@loader_path/Frameworks",
				);
				PRODUCT_BUNDLE_IDENTIFIER = io.sinoru.TweetNestTests;
				PRODUCT_NAME = "$(TARGET_NAME)";
				SWIFT_VERSION = 5.0;
				TARGETED_DEVICE_FAMILY = "1,2";
				TEST_HOST = "$(BUILT_PRODUCTS_DIR)/TweetNest.app/TweetNest";
			};
			name = Debug;
		};
		1946B3DE25E515050050C437 /* Release */ = {
			isa = XCBuildConfiguration;
			buildSettings = {
				ALWAYS_EMBED_SWIFT_STANDARD_LIBRARIES = YES;
				BUNDLE_LOADER = "$(TEST_HOST)";
				CODE_SIGN_STYLE = Automatic;
				DEVELOPMENT_TEAM = 83XZ8ZBS6L;
				INFOPLIST_FILE = TweetNestTests/Info.plist;
				IPHONEOS_DEPLOYMENT_TARGET = 14.0;
				LD_RUNPATH_SEARCH_PATHS = (
					"$(inherited)",
					"@executable_path/Frameworks",
					"@loader_path/Frameworks",
				);
				PRODUCT_BUNDLE_IDENTIFIER = io.sinoru.TweetNestTests;
				PRODUCT_NAME = "$(TARGET_NAME)";
				SWIFT_VERSION = 5.0;
				TARGETED_DEVICE_FAMILY = "1,2";
				TEST_HOST = "$(BUILT_PRODUCTS_DIR)/TweetNest.app/TweetNest";
			};
			name = Release;
		};
		1946B3E025E515050050C437 /* Debug */ = {
			isa = XCBuildConfiguration;
			buildSettings = {
				ALWAYS_EMBED_SWIFT_STANDARD_LIBRARIES = YES;
				CODE_SIGN_STYLE = Automatic;
				DEVELOPMENT_TEAM = 83XZ8ZBS6L;
				INFOPLIST_FILE = TweetNestUITests/Info.plist;
				LD_RUNPATH_SEARCH_PATHS = (
					"$(inherited)",
					"@executable_path/Frameworks",
					"@loader_path/Frameworks",
				);
				PRODUCT_BUNDLE_IDENTIFIER = io.sinoru.TweetNestUITests;
				PRODUCT_NAME = "$(TARGET_NAME)";
				SWIFT_VERSION = 5.0;
				TARGETED_DEVICE_FAMILY = "1,2";
				TEST_TARGET_NAME = TweetNest;
			};
			name = Debug;
		};
		1946B3E125E515050050C437 /* Release */ = {
			isa = XCBuildConfiguration;
			buildSettings = {
				ALWAYS_EMBED_SWIFT_STANDARD_LIBRARIES = YES;
				CODE_SIGN_STYLE = Automatic;
				DEVELOPMENT_TEAM = 83XZ8ZBS6L;
				INFOPLIST_FILE = TweetNestUITests/Info.plist;
				LD_RUNPATH_SEARCH_PATHS = (
					"$(inherited)",
					"@executable_path/Frameworks",
					"@loader_path/Frameworks",
				);
				PRODUCT_BUNDLE_IDENTIFIER = io.sinoru.TweetNestUITests;
				PRODUCT_NAME = "$(TARGET_NAME)";
				SWIFT_VERSION = 5.0;
				TARGETED_DEVICE_FAMILY = "1,2";
				TEST_TARGET_NAME = TweetNest;
			};
			name = Release;
		};
/* End XCBuildConfiguration section */

/* Begin XCConfigurationList section */
		19089E1F25E51912009BD7A8 /* Build configuration list for PBXNativeTarget "TweetNestKit" */ = {
			isa = XCConfigurationList;
			buildConfigurations = (
				19089E1B25E51912009BD7A8 /* Debug */,
				19089E1C25E51912009BD7A8 /* Release */,
			);
			defaultConfigurationIsVisible = 0;
			defaultConfigurationName = Release;
		};
		19089E2025E51912009BD7A8 /* Build configuration list for PBXNativeTarget "TweetNestKitTests" */ = {
			isa = XCConfigurationList;
			buildConfigurations = (
				19089E1D25E51912009BD7A8 /* Debug */,
				19089E1E25E51912009BD7A8 /* Release */,
			);
			defaultConfigurationIsVisible = 0;
			defaultConfigurationName = Release;
		};
		1946B3AA25E515040050C437 /* Build configuration list for PBXProject "TweetNest" */ = {
			isa = XCConfigurationList;
			buildConfigurations = (
				1946B3D725E515050050C437 /* Debug */,
				1946B3D825E515050050C437 /* Release */,
			);
			defaultConfigurationIsVisible = 0;
			defaultConfigurationName = Release;
		};
		1946B3D925E515050050C437 /* Build configuration list for PBXNativeTarget "TweetNest" */ = {
			isa = XCConfigurationList;
			buildConfigurations = (
				1946B3DA25E515050050C437 /* Debug */,
				1946B3DB25E515050050C437 /* Release */,
			);
			defaultConfigurationIsVisible = 0;
			defaultConfigurationName = Release;
		};
		1946B3DC25E515050050C437 /* Build configuration list for PBXNativeTarget "TweetNestTests" */ = {
			isa = XCConfigurationList;
			buildConfigurations = (
				1946B3DD25E515050050C437 /* Debug */,
				1946B3DE25E515050050C437 /* Release */,
			);
			defaultConfigurationIsVisible = 0;
			defaultConfigurationName = Release;
		};
		1946B3DF25E515050050C437 /* Build configuration list for PBXNativeTarget "TweetNestUITests" */ = {
			isa = XCConfigurationList;
			buildConfigurations = (
				1946B3E025E515050050C437 /* Debug */,
				1946B3E125E515050050C437 /* Release */,
			);
			defaultConfigurationIsVisible = 0;
			defaultConfigurationName = Release;
		};
/* End XCConfigurationList section */

/* Begin XCRemoteSwiftPackageReference section */
		196D694125E518B800BD5213 /* XCRemoteSwiftPackageReference "TweetNestAuthSupport" */ = {
			isa = XCRemoteSwiftPackageReference;
			repositoryURL = "https://github.com/sinoru/TweetNestAuthSupport.git";
			requirement = {
				kind = upToNextMajorVersion;
				minimumVersion = 1.0.0;
			};
		};
/* End XCRemoteSwiftPackageReference section */

/* Begin XCSwiftPackageProductDependency section */
		19089E2625E5192E009BD7A8 /* TweetNestAuthSupport */ = {
			isa = XCSwiftPackageProductDependency;
			package = 196D694125E518B800BD5213 /* XCRemoteSwiftPackageReference "TweetNestAuthSupport" */;
			productName = TweetNestAuthSupport;
		};
/* End XCSwiftPackageProductDependency section */

/* Begin XCVersionGroup section */
		1946B3BD25E515050050C437 /* TweetNest.xcdatamodeld */ = {
			isa = XCVersionGroup;
			children = (
				1946B3BE25E515050050C437 /* TweetNest.xcdatamodel */,
			);
			currentVersion = 1946B3BE25E515050050C437 /* TweetNest.xcdatamodel */;
			path = TweetNest.xcdatamodeld;
			sourceTree = "<group>";
			versionGroupType = wrapper.xcdatamodel;
		};
/* End XCVersionGroup section */
	};
	rootObject = 1946B3A725E515040050C437 /* Project object */;
}
